// !$*UTF8*$!
{
	archiveVersion = 1;
	classes = {
	};
	objectVersion = 50;
	objects = {

/* Begin PBXBuildFile section */
		4540A45B213D37D700473509 /* LoginModel.m in Sources */ = {isa = PBXBuildFile; fileRef = 4540A45A213D37D700473509 /* LoginModel.m */; };
		4540A45E213D37E600473509 /* LoginView.m in Sources */ = {isa = PBXBuildFile; fileRef = 4540A45D213D37E600473509 /* LoginView.m */; };
		4540A461213D3BC500473509 /* LoginViewController.m in Sources */ = {isa = PBXBuildFile; fileRef = 4540A460213D3BC500473509 /* LoginViewController.m */; };
		4567D7B7238EC97C00BA4BD1 /* README.md in Resources */ = {isa = PBXBuildFile; fileRef = 4567D7B6238EC97C00BA4BD1 /* README.md */; };
		4590E0B8213D25AF0064D312 /* AppDelegate.m in Sources */ = {isa = PBXBuildFile; fileRef = 4590E0B7213D25AF0064D312 /* AppDelegate.m */; };
		4590E0BB213D25B00064D312 /* ViewController.m in Sources */ = {isa = PBXBuildFile; fileRef = 4590E0BA213D25B00064D312 /* ViewController.m */; };
		4590E0BE213D25B00064D312 /* Main.storyboard in Resources */ = {isa = PBXBuildFile; fileRef = 4590E0BC213D25B00064D312 /* Main.storyboard */; };
		4590E0C0213D25B10064D312 /* Assets.xcassets in Resources */ = {isa = PBXBuildFile; fileRef = 4590E0BF213D25B10064D312 /* Assets.xcassets */; };
		4590E0C3213D25B10064D312 /* LaunchScreen.storyboard in Resources */ = {isa = PBXBuildFile; fileRef = 4590E0C1213D25B10064D312 /* LaunchScreen.storyboard */; };
		4590E0C6213D25B10064D312 /* main.m in Sources */ = {isa = PBXBuildFile; fileRef = 4590E0C5213D25B10064D312 /* main.m */; };
		4590E0D0213D25B10064D312 /* _1MVCTests.m in Sources */ = {isa = PBXBuildFile; fileRef = 4590E0CF213D25B10064D312 /* _1MVCTests.m */; };
		4590E0DB213D25B10064D312 /* _1MVCUITests.m in Sources */ = {isa = PBXBuildFile; fileRef = 4590E0DA213D25B10064D312 /* _1MVCUITests.m */; };
/* End PBXBuildFile section */

/* Begin PBXContainerItemProxy section */
		4590E0CC213D25B10064D312 /* PBXContainerItemProxy */ = {
			isa = PBXContainerItemProxy;
			containerPortal = 4590E0AB213D25AF0064D312 /* Project object */;
			proxyType = 1;
			remoteGlobalIDString = 4590E0B2213D25AF0064D312;
			remoteInfo = 01MVC;
		};
		4590E0D7213D25B10064D312 /* PBXContainerItemProxy */ = {
			isa = PBXContainerItemProxy;
			containerPortal = 4590E0AB213D25AF0064D312 /* Project object */;
			proxyType = 1;
			remoteGlobalIDString = 4590E0B2213D25AF0064D312;
			remoteInfo = 01MVC;
		};
/* End PBXContainerItemProxy section */

/* Begin PBXFileReference section */
		4540A459213D37D700473509 /* LoginModel.h */ = {isa = PBXFileReference; lastKnownFileType = sourcecode.c.h; path = LoginModel.h; sourceTree = "<group>"; };
		4540A45A213D37D700473509 /* LoginModel.m */ = {isa = PBXFileReference; lastKnownFileType = sourcecode.c.objc; path = LoginModel.m; sourceTree = "<group>"; };
		4540A45C213D37E600473509 /* LoginView.h */ = {isa = PBXFileReference; lastKnownFileType = sourcecode.c.h; path = LoginView.h; sourceTree = "<group>"; };
		4540A45D213D37E600473509 /* LoginView.m */ = {isa = PBXFileReference; lastKnownFileType = sourcecode.c.objc; path = LoginView.m; sourceTree = "<group>"; };
		4540A45F213D3BC500473509 /* LoginViewController.h */ = {isa = PBXFileReference; lastKnownFileType = sourcecode.c.h; path = LoginViewController.h; sourceTree = "<group>"; };
		4540A460213D3BC500473509 /* LoginViewController.m */ = {isa = PBXFileReference; lastKnownFileType = sourcecode.c.objc; path = LoginViewController.m; sourceTree = "<group>"; };
		4567D7B6238EC97C00BA4BD1 /* README.md */ = {isa = PBXFileReference; fileEncoding = 4; lastKnownFileType = net.daringfireball.markdown; path = README.md; sourceTree = "<group>"; };
		4590E0B3213D25AF0064D312 /* 01MVC.app */ = {isa = PBXFileReference; explicitFileType = wrapper.application; includeInIndex = 0; path = 01MVC.app; sourceTree = BUILT_PRODUCTS_DIR; };
		4590E0B6213D25AF0064D312 /* AppDelegate.h */ = {isa = PBXFileReference; lastKnownFileType = sourcecode.c.h; path = AppDelegate.h; sourceTree = "<group>"; };
		4590E0B7213D25AF0064D312 /* AppDelegate.m */ = {isa = PBXFileReference; lastKnownFileType = sourcecode.c.objc; path = AppDelegate.m; sourceTree = "<group>"; };
		4590E0B9213D25B00064D312 /* ViewController.h */ = {isa = PBXFileReference; lastKnownFileType = sourcecode.c.h; path = ViewController.h; sourceTree = "<group>"; };
		4590E0BA213D25B00064D312 /* ViewController.m */ = {isa = PBXFileReference; lastKnownFileType = sourcecode.c.objc; path = ViewController.m; sourceTree = "<group>"; };
		4590E0BD213D25B00064D312 /* Base */ = {isa = PBXFileReference; lastKnownFileType = file.storyboard; name = Base; path = Base.lproj/Main.storyboard; sourceTree = "<group>"; };
		4590E0BF213D25B10064D312 /* Assets.xcassets */ = {isa = PBXFileReference; lastKnownFileType = folder.assetcatalog; path = Assets.xcassets; sourceTree = "<group>"; };
		4590E0C2213D25B10064D312 /* Base */ = {isa = PBXFileReference; lastKnownFileType = file.storyboard; name = Base; path = Base.lproj/LaunchScreen.storyboard; sourceTree = "<group>"; };
		4590E0C4213D25B10064D312 /* Info.plist */ = {isa = PBXFileReference; lastKnownFileType = text.plist.xml; path = Info.plist; sourceTree = "<group>"; };
		4590E0C5213D25B10064D312 /* main.m */ = {isa = PBXFileReference; lastKnownFileType = sourcecode.c.objc; path = main.m; sourceTree = "<group>"; };
		4590E0CB213D25B10064D312 /* 01MVCTests.xctest */ = {isa = PBXFileReference; explicitFileType = wrapper.cfbundle; includeInIndex = 0; path = 01MVCTests.xctest; sourceTree = BUILT_PRODUCTS_DIR; };
		4590E0CF213D25B10064D312 /* _1MVCTests.m */ = {isa = PBXFileReference; lastKnownFileType = sourcecode.c.objc; path = _1MVCTests.m; sourceTree = "<group>"; };
		4590E0D1213D25B10064D312 /* Info.plist */ = {isa = PBXFileReference; lastKnownFileType = text.plist.xml; path = Info.plist; sourceTree = "<group>"; };
		4590E0D6213D25B10064D312 /* 01MVCUITests.xctest */ = {isa = PBXFileReference; explicitFileType = wrapper.cfbundle; includeInIndex = 0; path = 01MVCUITests.xctest; sourceTree = BUILT_PRODUCTS_DIR; };
		4590E0DA213D25B10064D312 /* _1MVCUITests.m */ = {isa = PBXFileReference; lastKnownFileType = sourcecode.c.objc; path = _1MVCUITests.m; sourceTree = "<group>"; };
		4590E0DC213D25B10064D312 /* Info.plist */ = {isa = PBXFileReference; lastKnownFileType = text.plist.xml; path = Info.plist; sourceTree = "<group>"; };
/* End PBXFileReference section */

/* Begin PBXFrameworksBuildPhase section */
		4590E0B0213D25AF0064D312 /* Frameworks */ = {
			isa = PBXFrameworksBuildPhase;
			buildActionMask = 2147483647;
			files = (
			);
			runOnlyForDeploymentPostprocessing = 0;
		};
		4590E0C8213D25B10064D312 /* Frameworks */ = {
			isa = PBXFrameworksBuildPhase;
			buildActionMask = 2147483647;
			files = (
			);
			runOnlyForDeploymentPostprocessing = 0;
		};
		4590E0D3213D25B10064D312 /* Frameworks */ = {
			isa = PBXFrameworksBuildPhase;
			buildActionMask = 2147483647;
			files = (
			);
			runOnlyForDeploymentPostprocessing = 0;
		};
/* End PBXFrameworksBuildPhase section */

/* Begin PBXGroup section */
		4590E0AA213D25AF0064D312 = {
			isa = PBXGroup;
			children = (
				4590E0B5213D25AF0064D312 /* 01MVC */,
				4590E0CE213D25B10064D312 /* 01MVCTests */,
				4590E0D9213D25B10064D312 /* 01MVCUITests */,
				4590E0B4213D25AF0064D312 /* Products */,
				4567D7B6238EC97C00BA4BD1 /* README.md */,
			);
			sourceTree = "<group>";
		};
		4590E0B4213D25AF0064D312 /* Products */ = {
			isa = PBXGroup;
			children = (
				4590E0B3213D25AF0064D312 /* 01MVC.app */,
				4590E0CB213D25B10064D312 /* 01MVCTests.xctest */,
				4590E0D6213D25B10064D312 /* 01MVCUITests.xctest */,
			);
			name = Products;
			sourceTree = "<group>";
		};
		4590E0B5213D25AF0064D312 /* 01MVC */ = {
			isa = PBXGroup;
			children = (
				4590E0EA213D25E00064D312 /* Model */,
				4590E0E9213D25DA0064D312 /* View */,
				4590E0E8213D25D10064D312 /* Controller */,
				4590E0B6213D25AF0064D312 /* AppDelegate.h */,
				4590E0B7213D25AF0064D312 /* AppDelegate.m */,
				4590E0B9213D25B00064D312 /* ViewController.h */,
				4590E0BA213D25B00064D312 /* ViewController.m */,
				4590E0BC213D25B00064D312 /* Main.storyboard */,
				4590E0BF213D25B10064D312 /* Assets.xcassets */,
				4590E0C1213D25B10064D312 /* LaunchScreen.storyboard */,
				4590E0C4213D25B10064D312 /* Info.plist */,
				4590E0C5213D25B10064D312 /* main.m */,
			);
			path = 01MVC;
			sourceTree = "<group>";
		};
		4590E0CE213D25B10064D312 /* 01MVCTests */ = {
			isa = PBXGroup;
			children = (
				4590E0CF213D25B10064D312 /* _1MVCTests.m */,
				4590E0D1213D25B10064D312 /* Info.plist */,
			);
			path = 01MVCTests;
			sourceTree = "<group>";
		};
		4590E0D9213D25B10064D312 /* 01MVCUITests */ = {
			isa = PBXGroup;
			children = (
				4590E0DA213D25B10064D312 /* _1MVCUITests.m */,
				4590E0DC213D25B10064D312 /* Info.plist */,
			);
			path = 01MVCUITests;
			sourceTree = "<group>";
		};
		4590E0E8213D25D10064D312 /* Controller */ = {
			isa = PBXGroup;
			children = (
				4540A45F213D3BC500473509 /* LoginViewController.h */,
				4540A460213D3BC500473509 /* LoginViewController.m */,
			);
			path = Controller;
			sourceTree = "<group>";
		};
		4590E0E9213D25DA0064D312 /* View */ = {
			isa = PBXGroup;
			children = (
				4540A45C213D37E600473509 /* LoginView.h */,
				4540A45D213D37E600473509 /* LoginView.m */,
			);
			path = View;
			sourceTree = "<group>";
		};
		4590E0EA213D25E00064D312 /* Model */ = {
			isa = PBXGroup;
			children = (
				4540A459213D37D700473509 /* LoginModel.h */,
				4540A45A213D37D700473509 /* LoginModel.m */,
			);
			path = Model;
			sourceTree = "<group>";
		};
/* End PBXGroup section */

/* Begin PBXNativeTarget section */
		4590E0B2213D25AF0064D312 /* 01MVC */ = {
			isa = PBXNativeTarget;
			buildConfigurationList = 4590E0DF213D25B10064D312 /* Build configuration list for PBXNativeTarget "01MVC" */;
			buildPhases = (
				4590E0AF213D25AF0064D312 /* Sources */,
				4590E0B0213D25AF0064D312 /* Frameworks */,
				4590E0B1213D25AF0064D312 /* Resources */,
			);
			buildRules = (
			);
			dependencies = (
			);
			name = 01MVC;
			productName = 01MVC;
			productReference = 4590E0B3213D25AF0064D312 /* 01MVC.app */;
			productType = "com.apple.product-type.application";
		};
		4590E0CA213D25B10064D312 /* 01MVCTests */ = {
			isa = PBXNativeTarget;
			buildConfigurationList = 4590E0E2213D25B10064D312 /* Build configuration list for PBXNativeTarget "01MVCTests" */;
			buildPhases = (
				4590E0C7213D25B10064D312 /* Sources */,
				4590E0C8213D25B10064D312 /* Frameworks */,
				4590E0C9213D25B10064D312 /* Resources */,
			);
			buildRules = (
			);
			dependencies = (
				4590E0CD213D25B10064D312 /* PBXTargetDependency */,
			);
			name = 01MVCTests;
			productName = 01MVCTests;
			productReference = 4590E0CB213D25B10064D312 /* 01MVCTests.xctest */;
			productType = "com.apple.product-type.bundle.unit-test";
		};
		4590E0D5213D25B10064D312 /* 01MVCUITests */ = {
			isa = PBXNativeTarget;
			buildConfigurationList = 4590E0E5213D25B10064D312 /* Build configuration list for PBXNativeTarget "01MVCUITests" */;
			buildPhases = (
				4590E0D2213D25B10064D312 /* Sources */,
				4590E0D3213D25B10064D312 /* Frameworks */,
				4590E0D4213D25B10064D312 /* Resources */,
			);
			buildRules = (
			);
			dependencies = (
				4590E0D8213D25B10064D312 /* PBXTargetDependency */,
			);
			name = 01MVCUITests;
			productName = 01MVCUITests;
			productReference = 4590E0D6213D25B10064D312 /* 01MVCUITests.xctest */;
			productType = "com.apple.product-type.bundle.ui-testing";
		};
/* End PBXNativeTarget section */

/* Begin PBXProject section */
		4590E0AB213D25AF0064D312 /* Project object */ = {
			isa = PBXProject;
			attributes = {
				LastUpgradeCheck = 0940;
				ORGANIZATIONNAME = east;
				TargetAttributes = {
					4590E0B2213D25AF0064D312 = {
						CreatedOnToolsVersion = 9.4.1;
					};
					4590E0CA213D25B10064D312 = {
						CreatedOnToolsVersion = 9.4.1;
						TestTargetID = 4590E0B2213D25AF0064D312;
					};
					4590E0D5213D25B10064D312 = {
						CreatedOnToolsVersion = 9.4.1;
						TestTargetID = 4590E0B2213D25AF0064D312;
					};
				};
			};
			buildConfigurationList = 4590E0AE213D25AF0064D312 /* Build configuration list for PBXProject "01MVC" */;
			compatibilityVersion = "Xcode 9.3";
			developmentRegion = en;
			hasScannedForEncodings = 0;
			knownRegions = (
				en,
				Base,
			);
			mainGroup = 4590E0AA213D25AF0064D312;
			productRefGroup = 4590E0B4213D25AF0064D312 /* Products */;
			projectDirPath = "";
			projectRoot = "";
			targets = (
				4590E0B2213D25AF0064D312 /* 01MVC */,
				4590E0CA213D25B10064D312 /* 01MVCTests */,
				4590E0D5213D25B10064D312 /* 01MVCUITests */,
			);
		};
/* End PBXProject section */

/* Begin PBXResourcesBuildPhase section */
		4590E0B1213D25AF0064D312 /* Resources */ = {
			isa = PBXResourcesBuildPhase;
			buildActionMask = 2147483647;
			files = (
				4590E0C3213D25B10064D312 /* LaunchScreen.storyboard in Resources */,
				4590E0C0213D25B10064D312 /* Assets.xcassets in Resources */,
				4567D7B7238EC97C00BA4BD1 /* README.md in Resources */,
				4590E0BE213D25B00064D312 /* Main.storyboard in Resources */,
			);
			runOnlyForDeploymentPostprocessing = 0;
		};
		4590E0C9213D25B10064D312 /* Resources */ = {
			isa = PBXResourcesBuildPhase;
			buildActionMask = 2147483647;
			files = (
			);
			runOnlyForDeploymentPostprocessing = 0;
		};
		4590E0D4213D25B10064D312 /* Resources */ = {
			isa = PBXResourcesBuildPhase;
			buildActionMask = 2147483647;
			files = (
			);
			runOnlyForDeploymentPostprocessing = 0;
		};
/* End PBXResourcesBuildPhase section */

/* Begin PBXSourcesBuildPhase section */
		4590E0AF213D25AF0064D312 /* Sources */ = {
			isa = PBXSourcesBuildPhase;
			buildActionMask = 2147483647;
			files = (
				4590E0BB213D25B00064D312 /* ViewController.m in Sources */,
				4540A45B213D37D700473509 /* LoginModel.m in Sources */,
				4540A461213D3BC500473509 /* LoginViewController.m in Sources */,
				4590E0C6213D25B10064D312 /* main.m in Sources */,
				4540A45E213D37E600473509 /* LoginView.m in Sources */,
				4590E0B8213D25AF0064D312 /* AppDelegate.m in Sources */,
			);
			runOnlyForDeploymentPostprocessing = 0;
		};
		4590E0C7213D25B10064D312 /* Sources */ = {
			isa = PBXSourcesBuildPhase;
			buildActionMask = 2147483647;
			files = (
				4590E0D0213D25B10064D312 /* _1MVCTests.m in Sources */,
			);
			runOnlyForDeploymentPostprocessing = 0;
		};
		4590E0D2213D25B10064D312 /* Sources */ = {
			isa = PBXSourcesBuildPhase;
			buildActionMask = 2147483647;
			files = (
				4590E0DB213D25B10064D312 /* _1MVCUITests.m in Sources */,
			);
			runOnlyForDeploymentPostprocessing = 0;
		};
/* End PBXSourcesBuildPhase section */

/* Begin PBXTargetDependency section */
		4590E0CD213D25B10064D312 /* PBXTargetDependency */ = {
			isa = PBXTargetDependency;
			target = 4590E0B2213D25AF0064D312 /* 01MVC */;
			targetProxy = 4590E0CC213D25B10064D312 /* PBXContainerItemProxy */;
		};
		4590E0D8213D25B10064D312 /* PBXTargetDependency */ = {
			isa = PBXTargetDependency;
			target = 4590E0B2213D25AF0064D312 /* 01MVC */;
			targetProxy = 4590E0D7213D25B10064D312 /* PBXContainerItemProxy */;
		};
/* End PBXTargetDependency section */

/* Begin PBXVariantGroup section */
		4590E0BC213D25B00064D312 /* Main.storyboard */ = {
			isa = PBXVariantGroup;
			children = (
				4590E0BD213D25B00064D312 /* Base */,
			);
			name = Main.storyboard;
			sourceTree = "<group>";
		};
		4590E0C1213D25B10064D312 /* LaunchScreen.storyboard */ = {
			isa = PBXVariantGroup;
			children = (
				4590E0C2213D25B10064D312 /* Base */,
			);
			name = LaunchScreen.storyboard;
			sourceTree = "<group>";
		};
/* End PBXVariantGroup section */

/* Begin XCBuildConfiguration section */
		4590E0DD213D25B10064D312 /* Debug */ = {
			isa = XCBuildConfiguration;
			buildSettings = {
				ALWAYS_SEARCH_USER_PATHS = NO;
				CLANG_ANALYZER_NONNULL = YES;
				CLANG_ANALYZER_NUMBER_OBJECT_CONVERSION = YES_AGGRESSIVE;
				CLANG_CXX_LANGUAGE_STANDARD = "gnu++14";
				CLANG_CXX_LIBRARY = "libc++";
				CLANG_ENABLE_MODULES = YES;
				CLANG_ENABLE_OBJC_ARC = YES;
				CLANG_ENABLE_OBJC_WEAK = YES;
				CLANG_WARN_BLOCK_CAPTURE_AUTORELEASING = YES;
				CLANG_WARN_BOOL_CONVERSION = YES;
				CLANG_WARN_COMMA = YES;
				CLANG_WARN_CONSTANT_CONVERSION = YES;
				CLANG_WARN_DEPRECATED_OBJC_IMPLEMENTATIONS = YES;
				CLANG_WARN_DIRECT_OBJC_ISA_USAGE = YES_ERROR;
				CLANG_WARN_DOCUMENTATION_COMMENTS = YES;
				CLANG_WARN_EMPTY_BODY = YES;
				CLANG_WARN_ENUM_CONVERSION = YES;
				CLANG_WARN_INFINITE_RECURSION = YES;
				CLANG_WARN_INT_CONVERSION = YES;
				CLANG_WARN_NON_LITERAL_NULL_CONVERSION = YES;
				CLANG_WARN_OBJC_IMPLICIT_RETAIN_SELF = YES;
				CLANG_WARN_OBJC_LITERAL_CONVERSION = YES;
				CLANG_WARN_OBJC_ROOT_CLASS = YES_ERROR;
				CLANG_WARN_RANGE_LOOP_ANALYSIS = YES;
				CLANG_WARN_STRICT_PROTOTYPES = YES;
				CLANG_WARN_SUSPICIOUS_MOVE = YES;
				CLANG_WARN_UNGUARDED_AVAILABILITY = YES_AGGRESSIVE;
				CLANG_WARN_UNREACHABLE_CODE = YES;
				CLANG_WARN__DUPLICATE_METHOD_MATCH = YES;
				CODE_SIGN_IDENTITY = "iPhone Developer";
				COPY_PHASE_STRIP = NO;
				DEBUG_INFORMATION_FORMAT = dwarf;
				ENABLE_STRICT_OBJC_MSGSEND = YES;
				ENABLE_TESTABILITY = YES;
				GCC_C_LANGUAGE_STANDARD = gnu11;
				GCC_DYNAMIC_NO_PIC = NO;
				GCC_NO_COMMON_BLOCKS = YES;
				GCC_OPTIMIZATION_LEVEL = 0;
				GCC_PREPROCESSOR_DEFINITIONS = (
					"DEBUG=1",
					"$(inherited)",
				);
				GCC_WARN_64_TO_32_BIT_CONVERSION = YES;
				GCC_WARN_ABOUT_RETURN_TYPE = YES_ERROR;
				GCC_WARN_UNDECLARED_SELECTOR = YES;
				GCC_WARN_UNINITIALIZED_AUTOS = YES_AGGRESSIVE;
				GCC_WARN_UNUSED_FUNCTION = YES;
				GCC_WARN_UNUSED_VARIABLE = YES;
				IPHONEOS_DEPLOYMENT_TARGET = 11.4;
				MTL_ENABLE_DEBUG_INFO = YES;
				ONLY_ACTIVE_ARCH = YES;
				SDKROOT = iphoneos;
			};
			name = Debug;
		};
		4590E0DE213D25B10064D312 /* Release */ = {
			isa = XCBuildConfiguration;
			buildSettings = {
				ALWAYS_SEARCH_USER_PATHS = NO;
				CLANG_ANALYZER_NONNULL = YES;
				CLANG_ANALYZER_NUMBER_OBJECT_CONVERSION = YES_AGGRESSIVE;
				CLANG_CXX_LANGUAGE_STANDARD = "gnu++14";
				CLANG_CXX_LIBRARY = "libc++";
				CLANG_ENABLE_MODULES = YES;
				CLANG_ENABLE_OBJC_ARC = YES;
				CLANG_ENABLE_OBJC_WEAK = YES;
				CLANG_WARN_BLOCK_CAPTURE_AUTORELEASING = YES;
				CLANG_WARN_BOOL_CONVERSION = YES;
				CLANG_WARN_COMMA = YES;
				CLANG_WARN_CONSTANT_CONVERSION = YES;
				CLANG_WARN_DEPRECATED_OBJC_IMPLEMENTATIONS = YES;
				CLANG_WARN_DIRECT_OBJC_ISA_USAGE = YES_ERROR;
				CLANG_WARN_DOCUMENTATION_COMMENTS = YES;
				CLANG_WARN_EMPTY_BODY = YES;
				CLANG_WARN_ENUM_CONVERSION = YES;
				CLANG_WARN_INFINITE_RECURSION = YES;
				CLANG_WARN_INT_CONVERSION = YES;
				CLANG_WARN_NON_LITERAL_NULL_CONVERSION = YES;
				CLANG_WARN_OBJC_IMPLICIT_RETAIN_SELF = YES;
				CLANG_WARN_OBJC_LITERAL_CONVERSION = YES;
				CLANG_WARN_OBJC_ROOT_CLASS = YES_ERROR;
				CLANG_WARN_RANGE_LOOP_ANALYSIS = YES;
				CLANG_WARN_STRICT_PROTOTYPES = YES;
				CLANG_WARN_SUSPICIOUS_MOVE = YES;
				CLANG_WARN_UNGUARDED_AVAILABILITY = YES_AGGRESSIVE;
				CLANG_WARN_UNREACHABLE_CODE = YES;
				CLANG_WARN__DUPLICATE_METHOD_MATCH = YES;
				CODE_SIGN_IDENTITY = "iPhone Developer";
				COPY_PHASE_STRIP = NO;
				DEBUG_INFORMATION_FORMAT = "dwarf-with-dsym";
				ENABLE_NS_ASSERTIONS = NO;
				ENABLE_STRICT_OBJC_MSGSEND = YES;
				GCC_C_LANGUAGE_STANDARD = gnu11;
				GCC_NO_COMMON_BLOCKS = YES;
				GCC_WARN_64_TO_32_BIT_CONVERSION = YES;
				GCC_WARN_ABOUT_RETURN_TYPE = YES_ERROR;
				GCC_WARN_UNDECLARED_SELECTOR = YES;
				GCC_WARN_UNINITIALIZED_AUTOS = YES_AGGRESSIVE;
				GCC_WARN_UNUSED_FUNCTION = YES;
				GCC_WARN_UNUSED_VARIABLE = YES;
				IPHONEOS_DEPLOYMENT_TARGET = 11.4;
				MTL_ENABLE_DEBUG_INFO = NO;
				SDKROOT = iphoneos;
				VALIDATE_PRODUCT = YES;
			};
			name = Release;
		};
		4590E0E0213D25B10064D312 /* Debug */ = {
			isa = XCBuildConfiguration;
			buildSettings = {
				ASSETCATALOG_COMPILER_APPICON_NAME = AppIcon;
				CODE_SIGN_STYLE = Automatic;
				DEVELOPMENT_TEAM = "";
				INFOPLIST_FILE = 01MVC/Info.plist;
				LD_RUNPATH_SEARCH_PATHS = (
					"$(inherited)",
					"@executable_path/Frameworks",
				);
				PRODUCT_BUNDLE_IDENTIFIER = com.east.MVC;
				PRODUCT_NAME = "$(TARGET_NAME)";
				TARGETED_DEVICE_FAMILY = "1,2";
			};
			name = Debug;
		};
		4590E0E1213D25B10064D312 /* Release */ = {
			isa = XCBuildConfiguration;
			buildSettings = {
				ASSETCATALOG_COMPILER_APPICON_NAME = AppIcon;
				CODE_SIGN_STYLE = Automatic;
				DEVELOPMENT_TEAM = "";
				INFOPLIST_FILE = 01MVC/Info.plist;
				LD_RUNPATH_SEARCH_PATHS = (
					"$(inherited)",
					"@executable_path/Frameworks",
				);
				PRODUCT_BUNDLE_IDENTIFIER = com.east.MVC;
				PRODUCT_NAME = "$(TARGET_NAME)";
				TARGETED_DEVICE_FAMILY = "1,2";
			};
			name = Release;
		};
		4590E0E3213D25B10064D312 /* Debug */ = {
			isa = XCBuildConfiguration;
			buildSettings = {
				BUNDLE_LOADER = "$(TEST_HOST)";
				CODE_SIGN_STYLE = Automatic;
				INFOPLIST_FILE = 01MVCTests/Info.plist;
				LD_RUNPATH_SEARCH_PATHS = (
					"$(inherited)",
					"@executable_path/Frameworks",
					"@loader_path/Frameworks",
				);
				PRODUCT_BUNDLE_IDENTIFIER = "com.east.-1MVCTests";
				PRODUCT_NAME = "$(TARGET_NAME)";
				TARGETED_DEVICE_FAMILY = "1,2";
				TEST_HOST = "$(BUILT_PRODUCTS_DIR)/01MVC.app/01MVC";
			};
			name = Debug;
		};
		4590E0E4213D25B10064D312 /* Release */ = {
			isa = XCBuildConfiguration;
			buildSettings = {
				BUNDLE_LOADER = "$(TEST_HOST)";
				CODE_SIGN_STYLE = Automatic;
				INFOPLIST_FILE = 01MVCTests/Info.plist;
				LD_RUNPATH_SEARCH_PATHS = (
					"$(inherited)",
					"@executable_path/Frameworks",
					"@loader_path/Frameworks",
				);
				PRODUCT_BUNDLE_IDENTIFIER = "com.east.-1MVCTests";
				PRODUCT_NAME = "$(TARGET_NAME)";
				TARGETED_DEVICE_FAMILY = "1,2";
				TEST_HOST = "$(BUILT_PRODUCTS_DIR)/01MVC.app/01MVC";
			};
			name = Release;
		};
		4590E0E6213D25B10064D312 /* Debug */ = {
			isa = XCBuildConfiguration;
			buildSettings = {
				CODE_SIGN_STYLE = Automatic;
				INFOPLIST_FILE = 01MVCUITests/Info.plist;
				LD_RUNPATH_SEARCH_PATHS = (
					"$(inherited)",
					"@executable_path/Frameworks",
					"@loader_path/Frameworks",
				);
				PRODUCT_BUNDLE_IDENTIFIER = "com.east.-1MVCUITests";
				PRODUCT_NAME = "$(TARGET_NAME)";
				TARGETED_DEVICE_FAMILY = "1,2";
				TEST_TARGET_NAME = 01MVC;
			};
			name = Debug;
		};
		4590E0E7213D25B10064D312 /* Release */ = {
			isa = XCBuildConfiguration;
			buildSettings = {
				CODE_SIGN_STYLE = Automatic;
				INFOPLIST_FILE = 01MVCUITests/Info.plist;
				LD_RUNPATH_SEARCH_PATHS = (
					"$(inherited)",
					"@executable_path/Frameworks",
					"@loader_path/Frameworks",
				);
				PRODUCT_BUNDLE_IDENTIFIER = "com.east.-1MVCUITests";
				PRODUCT_NAME = "$(TARGET_NAME)";
				TARGETED_DEVICE_FAMILY = "1,2";
				TEST_TARGET_NAME = 01MVC;
			};
			name = Release;
		};
/* End XCBuildConfiguration section */

/* Begin XCConfigurationList section */
		4590E0AE213D25AF0064D312 /* Build configuration list for PBXProject "01MVC" */ = {
			isa = XCConfigurationList;
			buildConfigurations = (
				4590E0DD213D25B10064D312 /* Debug */,
				4590E0DE213D25B10064D312 /* Release */,
			);
			defaultConfigurationIsVisible = 0;
			defaultConfigurationName = Release;
		};
		4590E0DF213D25B10064D312 /* Build configuration list for PBXNativeTarget "01MVC" */ = {
			isa = XCConfigurationList;
			buildConfigurations = (
				4590E0E0213D25B10064D312 /* Debug */,
				4590E0E1213D25B10064D312 /* Release */,
			);
			defaultConfigurationIsVisible = 0;
			defaultConfigurationName = Release;
		};
		4590E0E2213D25B10064D312 /* Build configuration list for PBXNativeTarget "01MVCTests" */ = {
			isa = XCConfigurationList;
			buildConfigurations = (
				4590E0E3213D25B10064D312 /* Debug */,
				4590E0E4213D25B10064D312 /* Release */,
			);
			defaultConfigurationIsVisible = 0;
			defaultConfigurationName = Release;
		};
		4590E0E5213D25B10064D312 /* Build configuration list for PBXNativeTarget "01MVCUITests" */ = {
			isa = XCConfigurationList;
			buildConfigurations = (
				4590E0E6213D25B10064D312 /* Debug */,
				4590E0E7213D25B10064D312 /* Release */,
			);
			defaultConfigurationIsVisible = 0;
			defaultConfigurationName = Release;
		};
/* End XCConfigurationList section */
	};
	rootObject = 4590E0AB213D25AF0064D312 /* Project object */;
}
