PODS:
  - ReactiveObjC (3.1.1)

DEPENDENCIES:
  - ReactiveObjC (~> 3.1.1)

SPEC REPOS:
  https://github.com/cocoapods/specs.git:
    - ReactiveObjC

SPEC CHECKSUMS:
  ReactiveObjC: 011caa393aa0383245f2dcf9bf02e86b80b36040

PODFILE CHECKSUM: 5aa5cb5f333b5250427f869d011bd76f7779e4ff

COCOAPODS: 1.5.3
