// !$*UTF8*$!
{
	archiveVersion = 1;
	classes = {
	};
	objectVersion = 50;
	objects = {

/* Begin PBXBuildFile section */
		456EBEA8210FF3D300D410DA /* AppDelegate.m in Sources */ = {isa = PBXBuildFile; fileRef = 456EBEA7210FF3D300D410DA /* AppDelegate.m */; };
		456EBEB0210FF3D400D410DA /* Assets.xcassets in Resources */ = {isa = PBXBuildFile; fileRef = 456EBEAF210FF3D400D410DA /* Assets.xcassets */; };
		456EBEB3210FF3D400D410DA /* LaunchScreen.storyboard in Resources */ = {isa = PBXBuildFile; fileRef = 456EBEB1210FF3D400D410DA /* LaunchScreen.storyboard */; };
		456EBEB6210FF3D400D410DA /* main.m in Sources */ = {isa = PBXBuildFile; fileRef = 456EBEB5210FF3D400D410DA /* main.m */; };
		456EBECC210FF49000D410DA /* RootViewController.m in Sources */ = {isa = PBXBuildFile; fileRef = 456EBECB210FF49000D410DA /* RootViewController.m */; };
		456EBECF210FF65600D410DA /* Teacher.m in Sources */ = {isa = PBXBuildFile; fileRef = 456EBECE210FF65600D410DA /* Teacher.m */; };
		456EBED2210FF80E00D410DA /* Person.m in Sources */ = {isa = PBXBuildFile; fileRef = 456EBED1210FF80E00D410DA /* Person.m */; };
/* End PBXBuildFile section */

/* Begin PBXFileReference section */
		456EBEA3210FF3D300D410DA /* RuntimeArchived.app */ = {isa = PBXFileReference; explicitFileType = wrapper.application; includeInIndex = 0; path = RuntimeArchived.app; sourceTree = BUILT_PRODUCTS_DIR; };
		456EBEA6210FF3D300D410DA /* AppDelegate.h */ = {isa = PBXFileReference; lastKnownFileType = sourcecode.c.h; path = AppDelegate.h; sourceTree = "<group>"; };
		456EBEA7210FF3D300D410DA /* AppDelegate.m */ = {isa = PBXFileReference; lastKnownFileType = sourcecode.c.objc; path = AppDelegate.m; sourceTree = "<group>"; };
		456EBEAF210FF3D400D410DA /* Assets.xcassets */ = {isa = PBXFileReference; lastKnownFileType = folder.assetcatalog; path = Assets.xcassets; sourceTree = "<group>"; };
		456EBEB2210FF3D400D410DA /* Base */ = {isa = PBXFileReference; lastKnownFileType = file.storyboard; name = Base; path = Base.lproj/LaunchScreen.storyboard; sourceTree = "<group>"; };
		456EBEB4210FF3D400D410DA /* Info.plist */ = {isa = PBXFileReference; lastKnownFileType = text.plist.xml; path = Info.plist; sourceTree = "<group>"; };
		456EBEB5210FF3D400D410DA /* main.m */ = {isa = PBXFileReference; lastKnownFileType = sourcecode.c.objc; path = main.m; sourceTree = "<group>"; };
		456EBECA210FF49000D410DA /* RootViewController.h */ = {isa = PBXFileReference; lastKnownFileType = sourcecode.c.h; path = RootViewController.h; sourceTree = "<group>"; };
		456EBECB210FF49000D410DA /* RootViewController.m */ = {isa = PBXFileReference; lastKnownFileType = sourcecode.c.objc; path = RootViewController.m; sourceTree = "<group>"; };
		456EBECD210FF65600D410DA /* Teacher.h */ = {isa = PBXFileReference; lastKnownFileType = sourcecode.c.h; path = Teacher.h; sourceTree = "<group>"; };
		456EBECE210FF65600D410DA /* Teacher.m */ = {isa = PBXFileReference; lastKnownFileType = sourcecode.c.objc; path = Teacher.m; sourceTree = "<group>"; };
		456EBED0210FF80E00D410DA /* Person.h */ = {isa = PBXFileReference; lastKnownFileType = sourcecode.c.h; path = Person.h; sourceTree = "<group>"; };
		456EBED1210FF80E00D410DA /* Person.m */ = {isa = PBXFileReference; lastKnownFileType = sourcecode.c.objc; path = Person.m; sourceTree = "<group>"; };
		456EBED321102D6E00D410DA /* README.md */ = {isa = PBXFileReference; fileEncoding = 4; lastKnownFileType = net.daringfireball.markdown; path = README.md; sourceTree = "<group>"; };
/* End PBXFileReference section */

/* Begin PBXFrameworksBuildPhase section */
		456EBEA0210FF3D300D410DA /* Frameworks */ = {
			isa = PBXFrameworksBuildPhase;
			buildActionMask = 2147483647;
			files = (
			);
			runOnlyForDeploymentPostprocessing = 0;
		};
/* End PBXFrameworksBuildPhase section */

/* Begin PBXGroup section */
		456EBE9A210FF3D300D410DA = {
			isa = PBXGroup;
			children = (
				456EBEA5210FF3D300D410DA /* RuntimeArchived */,
				456EBEA4210FF3D300D410DA /* Products */,
				456EBED321102D6E00D410DA /* README.md */,
			);
			sourceTree = "<group>";
		};
		456EBEA4210FF3D300D410DA /* Products */ = {
			isa = PBXGroup;
			children = (
				456EBEA3210FF3D300D410DA /* RuntimeArchived.app */,
			);
			name = Products;
			sourceTree = "<group>";
		};
		456EBEA5210FF3D300D410DA /* RuntimeArchived */ = {
			isa = PBXGroup;
			children = (
				456EBEA6210FF3D300D410DA /* AppDelegate.h */,
				456EBEA7210FF3D300D410DA /* AppDelegate.m */,
				456EBED0210FF80E00D410DA /* Person.h */,
				456EBED1210FF80E00D410DA /* Person.m */,
				456EBECD210FF65600D410DA /* Teacher.h */,
				456EBECE210FF65600D410DA /* Teacher.m */,
				456EBECA210FF49000D410DA /* RootViewController.h */,
				456EBECB210FF49000D410DA /* RootViewController.m */,
				456EBEAF210FF3D400D410DA /* Assets.xcassets */,
				456EBEB1210FF3D400D410DA /* LaunchScreen.storyboard */,
				456EBEB4210FF3D400D410DA /* Info.plist */,
				456EBEB5210FF3D400D410DA /* main.m */,
			);
			path = RuntimeArchived;
			sourceTree = "<group>";
		};
/* End PBXGroup section */

/* Begin PBXNativeTarget section */
		456EBEA2210FF3D300D410DA /* RuntimeArchived */ = {
			isa = PBXNativeTarget;
			buildConfigurationList = 456EBEC4210FF3D500D410DA /* Build configuration list for PBXNativeTarget "RuntimeArchived" */;
			buildPhases = (
				456EBE9F210FF3D300D410DA /* Sources */,
				456EBEA0210FF3D300D410DA /* Frameworks */,
				456EBEA1210FF3D300D410DA /* Resources */,
			);
			buildRules = (
			);
			dependencies = (
			);
			name = RuntimeArchived;
			productName = RunloopArchived;
			productReference = 456EBEA3210FF3D300D410DA /* RuntimeArchived.app */;
			productType = "com.apple.product-type.application";
		};
/* End PBXNativeTarget section */

/* Begin PBXProject section */
		456EBE9B210FF3D300D410DA /* Project object */ = {
			isa = PBXProject;
			attributes = {
				LastUpgradeCheck = 0940;
				ORGANIZATIONNAME = east;
				TargetAttributes = {
					456EBEA2210FF3D300D410DA = {
						CreatedOnToolsVersion = 9.4.1;
					};
				};
			};
			buildConfigurationList = 456EBE9E210FF3D300D410DA /* Build configuration list for PBXProject "RuntimeArchived" */;
			compatibilityVersion = "Xcode 9.3";
			developmentRegion = en;
			hasScannedForEncodings = 0;
			knownRegions = (
				en,
				Base,
			);
			mainGroup = 456EBE9A210FF3D300D410DA;
			productRefGroup = 456EBEA4210FF3D300D410DA /* Products */;
			projectDirPath = "";
			projectRoot = "";
			targets = (
				456EBEA2210FF3D300D410DA /* RuntimeArchived */,
			);
		};
/* End PBXProject section */

/* Begin PBXResourcesBuildPhase section */
		456EBEA1210FF3D300D410DA /* Resources */ = {
			isa = PBXResourcesBuildPhase;
			buildActionMask = 2147483647;
			files = (
				456EBEB3210FF3D400D410DA /* LaunchScreen.storyboard in Resources */,
				456EBEB0210FF3D400D410DA /* Assets.xcassets in Resources */,
			);
			runOnlyForDeploymentPostprocessing = 0;
		};
/* End PBXResourcesBuildPhase section */

/* Begin PBXSourcesBuildPhase section */
		456EBE9F210FF3D300D410DA /* Sources */ = {
			isa = PBXSourcesBuildPhase;
			buildActionMask = 2147483647;
			files = (
				456EBECF210FF65600D410DA /* Teacher.m in Sources */,
				456EBEB6210FF3D400D410DA /* main.m in Sources */,
				456EBED2210FF80E00D410DA /* Person.m in Sources */,
				456EBEA8210FF3D300D410DA /* AppDelegate.m in Sources */,
				456EBECC210FF49000D410DA /* RootViewController.m in Sources */,
			);
			runOnlyForDeploymentPostprocessing = 0;
		};
/* End PBXSourcesBuildPhase section */

/* Begin PBXVariantGroup section */
		456EBEB1210FF3D400D410DA /* LaunchScreen.storyboard */ = {
			isa = PBXVariantGroup;
			children = (
				456EBEB2210FF3D400D410DA /* Base */,
			);
			name = LaunchScreen.storyboard;
			sourceTree = "<group>";
		};
/* End PBXVariantGroup section */

/* Begin XCBuildConfiguration section */
		456EBEC2210FF3D500D410DA /* Debug */ = {
			isa = XCBuildConfiguration;
			buildSettings = {
				ALWAYS_SEARCH_USER_PATHS = NO;
				CLANG_ANALYZER_NONNULL = YES;
				CLANG_ANALYZER_NUMBER_OBJECT_CONVERSION = YES_AGGRESSIVE;
				CLANG_CXX_LANGUAGE_STANDARD = "gnu++14";
				CLANG_CXX_LIBRARY = "libc++";
				CLANG_ENABLE_MODULES = YES;
				CLANG_ENABLE_OBJC_ARC = YES;
				CLANG_ENABLE_OBJC_WEAK = YES;
				CLANG_WARN_BLOCK_CAPTURE_AUTORELEASING = YES;
				CLANG_WARN_BOOL_CONVERSION = YES;
				CLANG_WARN_COMMA = YES;
				CLANG_WARN_CONSTANT_CONVERSION = YES;
				CLANG_WARN_DEPRECATED_OBJC_IMPLEMENTATIONS = YES;
				CLANG_WARN_DIRECT_OBJC_ISA_USAGE = YES_ERROR;
				CLANG_WARN_DOCUMENTATION_COMMENTS = YES;
				CLANG_WARN_EMPTY_BODY = YES;
				CLANG_WARN_ENUM_CONVERSION = YES;
				CLANG_WARN_INFINITE_RECURSION = YES;
				CLANG_WARN_INT_CONVERSION = YES;
				CLANG_WARN_NON_LITERAL_NULL_CONVERSION = YES;
				CLANG_WARN_OBJC_IMPLICIT_RETAIN_SELF = YES;
				CLANG_WARN_OBJC_LITERAL_CONVERSION = YES;
				CLANG_WARN_OBJC_ROOT_CLASS = YES_ERROR;
				CLANG_WARN_RANGE_LOOP_ANALYSIS = YES;
				CLANG_WARN_STRICT_PROTOTYPES = YES;
				CLANG_WARN_SUSPICIOUS_MOVE = YES;
				CLANG_WARN_UNGUARDED_AVAILABILITY = YES_AGGRESSIVE;
				CLANG_WARN_UNREACHABLE_CODE = YES;
				CLANG_WARN__DUPLICATE_METHOD_MATCH = YES;
				CODE_SIGN_IDENTITY = "iPhone Developer";
				COPY_PHASE_STRIP = NO;
				DEBUG_INFORMATION_FORMAT = dwarf;
				ENABLE_STRICT_OBJC_MSGSEND = YES;
				ENABLE_TESTABILITY = YES;
				GCC_C_LANGUAGE_STANDARD = gnu11;
				GCC_DYNAMIC_NO_PIC = NO;
				GCC_NO_COMMON_BLOCKS = YES;
				GCC_OPTIMIZATION_LEVEL = 0;
				GCC_PREPROCESSOR_DEFINITIONS = (
					"DEBUG=1",
					"$(inherited)",
				);
				GCC_WARN_64_TO_32_BIT_CONVERSION = YES;
				GCC_WARN_ABOUT_RETURN_TYPE = YES_ERROR;
				GCC_WARN_UNDECLARED_SELECTOR = YES;
				GCC_WARN_UNINITIALIZED_AUTOS = YES_AGGRESSIVE;
				GCC_WARN_UNUSED_FUNCTION = YES;
				GCC_WARN_UNUSED_VARIABLE = YES;
				IPHONEOS_DEPLOYMENT_TARGET = 11.4;
				MTL_ENABLE_DEBUG_INFO = YES;
				ONLY_ACTIVE_ARCH = YES;
				SDKROOT = iphoneos;
			};
			name = Debug;
		};
		456EBEC3210FF3D500D410DA /* Release */ = {
			isa = XCBuildConfiguration;
			buildSettings = {
				ALWAYS_SEARCH_USER_PATHS = NO;
				CLANG_ANALYZER_NONNULL = YES;
				CLANG_ANALYZER_NUMBER_OBJECT_CONVERSION = YES_AGGRESSIVE;
				CLANG_CXX_LANGUAGE_STANDARD = "gnu++14";
				CLANG_CXX_LIBRARY = "libc++";
				CLANG_ENABLE_MODULES = YES;
				CLANG_ENABLE_OBJC_ARC = YES;
				CLANG_ENABLE_OBJC_WEAK = YES;
				CLANG_WARN_BLOCK_CAPTURE_AUTORELEASING = YES;
				CLANG_WARN_BOOL_CONVERSION = YES;
				CLANG_WARN_COMMA = YES;
				CLANG_WARN_CONSTANT_CONVERSION = YES;
				CLANG_WARN_DEPRECATED_OBJC_IMPLEMENTATIONS = YES;
				CLANG_WARN_DIRECT_OBJC_ISA_USAGE = YES_ERROR;
				CLANG_WARN_DOCUMENTATION_COMMENTS = YES;
				CLANG_WARN_EMPTY_BODY = YES;
				CLANG_WARN_ENUM_CONVERSION = YES;
				CLANG_WARN_INFINITE_RECURSION = YES;
				CLANG_WARN_INT_CONVERSION = YES;
				CLANG_WARN_NON_LITERAL_NULL_CONVERSION = YES;
				CLANG_WARN_OBJC_IMPLICIT_RETAIN_SELF = YES;
				CLANG_WARN_OBJC_LITERAL_CONVERSION = YES;
				CLANG_WARN_OBJC_ROOT_CLASS = YES_ERROR;
				CLANG_WARN_RANGE_LOOP_ANALYSIS = YES;
				CLANG_WARN_STRICT_PROTOTYPES = YES;
				CLANG_WARN_SUSPICIOUS_MOVE = YES;
				CLANG_WARN_UNGUARDED_AVAILABILITY = YES_AGGRESSIVE;
				CLANG_WARN_UNREACHABLE_CODE = YES;
				CLANG_WARN__DUPLICATE_METHOD_MATCH = YES;
				CODE_SIGN_IDENTITY = "iPhone Developer";
				COPY_PHASE_STRIP = NO;
				DEBUG_INFORMATION_FORMAT = "dwarf-with-dsym";
				ENABLE_NS_ASSERTIONS = NO;
				ENABLE_STRICT_OBJC_MSGSEND = YES;
				GCC_C_LANGUAGE_STANDARD = gnu11;
				GCC_NO_COMMON_BLOCKS = YES;
				GCC_WARN_64_TO_32_BIT_CONVERSION = YES;
				GCC_WARN_ABOUT_RETURN_TYPE = YES_ERROR;
				GCC_WARN_UNDECLARED_SELECTOR = YES;
				GCC_WARN_UNINITIALIZED_AUTOS = YES_AGGRESSIVE;
				GCC_WARN_UNUSED_FUNCTION = YES;
				GCC_WARN_UNUSED_VARIABLE = YES;
				IPHONEOS_DEPLOYMENT_TARGET = 11.4;
				MTL_ENABLE_DEBUG_INFO = NO;
				SDKROOT = iphoneos;
				VALIDATE_PRODUCT = YES;
			};
			name = Release;
		};
		456EBEC5210FF3D500D410DA /* Debug */ = {
			isa = XCBuildConfiguration;
			buildSettings = {
				ASSETCATALOG_COMPILER_APPICON_NAME = AppIcon;
				CODE_SIGN_STYLE = Automatic;
				DEVELOPMENT_TEAM = "";
				INFOPLIST_FILE = RuntimeArchived/Info.plist;
				LD_RUNPATH_SEARCH_PATHS = (
					"$(inherited)",
					"@executable_path/Frameworks",
				);
				PRODUCT_BUNDLE_IDENTIFIER = com.east.RuntimeArchived;
				PRODUCT_NAME = "$(TARGET_NAME)";
				TARGETED_DEVICE_FAMILY = "1,2";
			};
			name = Debug;
		};
		456EBEC6210FF3D500D410DA /* Release */ = {
			isa = XCBuildConfiguration;
			buildSettings = {
				ASSETCATALOG_COMPILER_APPICON_NAME = AppIcon;
				CODE_SIGN_STYLE = Automatic;
				DEVELOPMENT_TEAM = "";
				INFOPLIST_FILE = RuntimeArchived/Info.plist;
				LD_RUNPATH_SEARCH_PATHS = (
					"$(inherited)",
					"@executable_path/Frameworks",
				);
				PRODUCT_BUNDLE_IDENTIFIER = com.east.RuntimeArchived;
				PRODUCT_NAME = "$(TARGET_NAME)";
				TARGETED_DEVICE_FAMILY = "1,2";
			};
			name = Release;
		};
/* End XCBuildConfiguration section */

/* Begin XCConfigurationList section */
		456EBE9E210FF3D300D410DA /* Build configuration list for PBXProject "RuntimeArchived" */ = {
			isa = XCConfigurationList;
			buildConfigurations = (
				456EBEC2210FF3D500D410DA /* Debug */,
				456EBEC3210FF3D500D410DA /* Release */,
			);
			defaultConfigurationIsVisible = 0;
			defaultConfigurationName = Release;
		};
		456EBEC4210FF3D500D410DA /* Build configuration list for PBXNativeTarget "RuntimeArchived" */ = {
			isa = XCConfigurationList;
			buildConfigurations = (
				456EBEC5210FF3D500D410DA /* Debug */,
				456EBEC6210FF3D500D410DA /* Release */,
			);
			defaultConfigurationIsVisible = 0;
			defaultConfigurationName = Release;
		};
/* End XCConfigurationList section */
	};
	rootObject = 456EBE9B210FF3D300D410DA /* Project object */;
}
