// !$*UTF8*$!
{
	archiveVersion = 1;
	classes = {
	};
	objectVersion = 50;
	objects = {

/* Begin PBXBuildFile section */
		456ECA5A2138F12900EB019A /* Person+Marry.m in Sources */ = {isa = PBXBuildFile; fileRef = 456ECA592138F12900EB019A /* Person+Marry.m */; };
		456ECA5D2139052A00EB019A /* Teacher.m in Sources */ = {isa = PBXBuildFile; fileRef = 456ECA5C2139052A00EB019A /* Teacher.m */; };
		456ECA60213928C300EB019A /* NSURL+url.m in Sources */ = {isa = PBXBuildFile; fileRef = 456ECA5F213928C300EB019A /* NSURL+url.m */; };
		458377BB24756C9C0014E43A /* Person+Alien.m in Sources */ = {isa = PBXBuildFile; fileRef = 458377BA24756C9C0014E43A /* Person+Alien.m */; };
		45B0E5462137F2C700F69CCC /* main.m in Sources */ = {isa = PBXBuildFile; fileRef = 45B0E5452137F2C700F69CCC /* main.m */; };
		45B0E54E2137F2D600F69CCC /* Person.m in Sources */ = {isa = PBXBuildFile; fileRef = 45B0E54D2137F2D600F69CCC /* Person.m */; };
/* End PBXBuildFile section */

/* Begin PBXCopyFilesBuildPhase section */
		45B0E5402137F2C700F69CCC /* CopyFiles */ = {
			isa = PBXCopyFilesBuildPhase;
			buildActionMask = 2147483647;
			dstPath = /usr/share/man/man1/;
			dstSubfolderSpec = 0;
			files = (
			);
			runOnlyForDeploymentPostprocessing = 1;
		};
/* End PBXCopyFilesBuildPhase section */

/* Begin PBXFileReference section */
		456ECA582138F12900EB019A /* Person+Marry.h */ = {isa = PBXFileReference; lastKnownFileType = sourcecode.c.h; path = "Person+Marry.h"; sourceTree = "<group>"; };
		456ECA592138F12900EB019A /* Person+Marry.m */ = {isa = PBXFileReference; lastKnownFileType = sourcecode.c.objc; path = "Person+Marry.m"; sourceTree = "<group>"; };
		456ECA5B2139052A00EB019A /* Teacher.h */ = {isa = PBXFileReference; lastKnownFileType = sourcecode.c.h; path = Teacher.h; sourceTree = "<group>"; };
		456ECA5C2139052A00EB019A /* Teacher.m */ = {isa = PBXFileReference; lastKnownFileType = sourcecode.c.objc; path = Teacher.m; sourceTree = "<group>"; };
		456ECA5E213928C300EB019A /* NSURL+url.h */ = {isa = PBXFileReference; lastKnownFileType = sourcecode.c.h; path = "NSURL+url.h"; sourceTree = "<group>"; };
		456ECA5F213928C300EB019A /* NSURL+url.m */ = {isa = PBXFileReference; lastKnownFileType = sourcecode.c.objc; path = "NSURL+url.m"; sourceTree = "<group>"; };
		458377B924756C9C0014E43A /* Person+Alien.h */ = {isa = PBXFileReference; lastKnownFileType = sourcecode.c.h; path = "Person+Alien.h"; sourceTree = "<group>"; };
		458377BA24756C9C0014E43A /* Person+Alien.m */ = {isa = PBXFileReference; lastKnownFileType = sourcecode.c.objc; path = "Person+Alien.m"; sourceTree = "<group>"; };
		45B0E5422137F2C700F69CCC /* 01RuntimeBasic */ = {isa = PBXFileReference; explicitFileType = "compiled.mach-o.executable"; includeInIndex = 0; path = 01RuntimeBasic; sourceTree = BUILT_PRODUCTS_DIR; };
		45B0E5452137F2C700F69CCC /* main.m */ = {isa = PBXFileReference; lastKnownFileType = sourcecode.c.objc; path = main.m; sourceTree = "<group>"; };
		45B0E54C2137F2D600F69CCC /* Person.h */ = {isa = PBXFileReference; lastKnownFileType = sourcecode.c.h; path = Person.h; sourceTree = "<group>"; };
		45B0E54D2137F2D600F69CCC /* Person.m */ = {isa = PBXFileReference; lastKnownFileType = sourcecode.c.objc; path = Person.m; sourceTree = "<group>"; };
/* End PBXFileReference section */

/* Begin PBXFrameworksBuildPhase section */
		45B0E53F2137F2C700F69CCC /* Frameworks */ = {
			isa = PBXFrameworksBuildPhase;
			buildActionMask = 2147483647;
			files = (
			);
			runOnlyForDeploymentPostprocessing = 0;
		};
/* End PBXFrameworksBuildPhase section */

/* Begin PBXGroup section */
		45B0E5392137F2C700F69CCC = {
			isa = PBXGroup;
			children = (
				45B0E5442137F2C700F69CCC /* 01RuntimeBasic */,
				45B0E5432137F2C700F69CCC /* Products */,
			);
			sourceTree = "<group>";
		};
		45B0E5432137F2C700F69CCC /* Products */ = {
			isa = PBXGroup;
			children = (
				45B0E5422137F2C700F69CCC /* 01RuntimeBasic */,
			);
			name = Products;
			sourceTree = "<group>";
		};
		45B0E5442137F2C700F69CCC /* 01RuntimeBasic */ = {
			isa = PBXGroup;
			children = (
				45B0E5452137F2C700F69CCC /* main.m */,
				456ECA5E213928C300EB019A /* NSURL+url.h */,
				456ECA5F213928C300EB019A /* NSURL+url.m */,
				456ECA5B2139052A00EB019A /* Teacher.h */,
				456ECA5C2139052A00EB019A /* Teacher.m */,
				45B0E54C2137F2D600F69CCC /* Person.h */,
				45B0E54D2137F2D600F69CCC /* Person.m */,
				456ECA582138F12900EB019A /* Person+Marry.h */,
				456ECA592138F12900EB019A /* Person+Marry.m */,
				458377B924756C9C0014E43A /* Person+Alien.h */,
				458377BA24756C9C0014E43A /* Person+Alien.m */,
			);
			path = 01RuntimeBasic;
			sourceTree = "<group>";
		};
/* End PBXGroup section */

/* Begin PBXNativeTarget section */
		45B0E5412137F2C700F69CCC /* 01RuntimeBasic */ = {
			isa = PBXNativeTarget;
			buildConfigurationList = 45B0E5492137F2C700F69CCC /* Build configuration list for PBXNativeTarget "01RuntimeBasic" */;
			buildPhases = (
				45B0E53E2137F2C700F69CCC /* Sources */,
				45B0E53F2137F2C700F69CCC /* Frameworks */,
				45B0E5402137F2C700F69CCC /* CopyFiles */,
			);
			buildRules = (
			);
			dependencies = (
			);
			name = 01RuntimeBasic;
			productName = 01RuntimeBasic;
			productReference = 45B0E5422137F2C700F69CCC /* 01RuntimeBasic */;
			productType = "com.apple.product-type.tool";
		};
/* End PBXNativeTarget section */

/* Begin PBXProject section */
		45B0E53A2137F2C700F69CCC /* Project object */ = {
			isa = PBXProject;
			attributes = {
				LastUpgradeCheck = 0940;
				ORGANIZATIONNAME = east;
				TargetAttributes = {
					45B0E5412137F2C700F69CCC = {
						CreatedOnToolsVersion = 9.4.1;
					};
				};
			};
			buildConfigurationList = 45B0E53D2137F2C700F69CCC /* Build configuration list for PBXProject "01RuntimeBasic" */;
			compatibilityVersion = "Xcode 9.3";
			developmentRegion = en;
			hasScannedForEncodings = 0;
			knownRegions = (
				en,
			);
			mainGroup = 45B0E5392137F2C700F69CCC;
			productRefGroup = 45B0E5432137F2C700F69CCC /* Products */;
			projectDirPath = "";
			projectRoot = "";
			targets = (
				45B0E5412137F2C700F69CCC /* 01RuntimeBasic */,
			);
		};
/* End PBXProject section */

/* Begin PBXSourcesBuildPhase section */
		45B0E53E2137F2C700F69CCC /* Sources */ = {
			isa = PBXSourcesBuildPhase;
			buildActionMask = 2147483647;
			files = (
				456ECA5D2139052A00EB019A /* Teacher.m in Sources */,
				456ECA60213928C300EB019A /* NSURL+url.m in Sources */,
				45B0E54E2137F2D600F69CCC /* Person.m in Sources */,
				458377BB24756C9C0014E43A /* Person+Alien.m in Sources */,
				456ECA5A2138F12900EB019A /* Person+Marry.m in Sources */,
				45B0E5462137F2C700F69CCC /* main.m in Sources */,
			);
			runOnlyForDeploymentPostprocessing = 0;
		};
/* End PBXSourcesBuildPhase section */

/* Begin XCBuildConfiguration section */
		45B0E5472137F2C700F69CCC /* Debug */ = {
			isa = XCBuildConfiguration;
			buildSettings = {
				ALWAYS_SEARCH_USER_PATHS = NO;
				CLANG_ANALYZER_NONNULL = YES;
				CLANG_ANALYZER_NUMBER_OBJECT_CONVERSION = YES_AGGRESSIVE;
				CLANG_CXX_LANGUAGE_STANDARD = "gnu++14";
				CLANG_CXX_LIBRARY = "libc++";
				CLANG_ENABLE_MODULES = YES;
				CLANG_ENABLE_OBJC_ARC = YES;
				CLANG_ENABLE_OBJC_WEAK = YES;
				CLANG_WARN_BLOCK_CAPTURE_AUTORELEASING = YES;
				CLANG_WARN_BOOL_CONVERSION = YES;
				CLANG_WARN_COMMA = YES;
				CLANG_WARN_CONSTANT_CONVERSION = YES;
				CLANG_WARN_DEPRECATED_OBJC_IMPLEMENTATIONS = YES;
				CLANG_WARN_DIRECT_OBJC_ISA_USAGE = YES_ERROR;
				CLANG_WARN_DOCUMENTATION_COMMENTS = YES;
				CLANG_WARN_EMPTY_BODY = YES;
				CLANG_WARN_ENUM_CONVERSION = YES;
				CLANG_WARN_INFINITE_RECURSION = YES;
				CLANG_WARN_INT_CONVERSION = YES;
				CLANG_WARN_NON_LITERAL_NULL_CONVERSION = YES;
				CLANG_WARN_OBJC_IMPLICIT_RETAIN_SELF = YES;
				CLANG_WARN_OBJC_LITERAL_CONVERSION = YES;
				CLANG_WARN_OBJC_ROOT_CLASS = YES_ERROR;
				CLANG_WARN_RANGE_LOOP_ANALYSIS = YES;
				CLANG_WARN_STRICT_PROTOTYPES = YES;
				CLANG_WARN_SUSPICIOUS_MOVE = YES;
				CLANG_WARN_UNGUARDED_AVAILABILITY = YES_AGGRESSIVE;
				CLANG_WARN_UNREACHABLE_CODE = YES;
				CLANG_WARN__DUPLICATE_METHOD_MATCH = YES;
				CODE_SIGN_IDENTITY = "-";
				COPY_PHASE_STRIP = NO;
				DEBUG_INFORMATION_FORMAT = dwarf;
				ENABLE_STRICT_OBJC_MSGSEND = YES;
				ENABLE_TESTABILITY = YES;
				GCC_C_LANGUAGE_STANDARD = gnu11;
				GCC_DYNAMIC_NO_PIC = NO;
				GCC_NO_COMMON_BLOCKS = YES;
				GCC_OPTIMIZATION_LEVEL = 0;
				GCC_PREPROCESSOR_DEFINITIONS = (
					"DEBUG=1",
					"$(inherited)",
				);
				GCC_WARN_64_TO_32_BIT_CONVERSION = YES;
				GCC_WARN_ABOUT_RETURN_TYPE = YES_ERROR;
				GCC_WARN_UNDECLARED_SELECTOR = YES;
				GCC_WARN_UNINITIALIZED_AUTOS = YES_AGGRESSIVE;
				GCC_WARN_UNUSED_FUNCTION = YES;
				GCC_WARN_UNUSED_VARIABLE = YES;
				MACOSX_DEPLOYMENT_TARGET = 10.13;
				MTL_ENABLE_DEBUG_INFO = YES;
				ONLY_ACTIVE_ARCH = YES;
				SDKROOT = macosx;
			};
			name = Debug;
		};
		45B0E5482137F2C700F69CCC /* Release */ = {
			isa = XCBuildConfiguration;
			buildSettings = {
				ALWAYS_SEARCH_USER_PATHS = NO;
				CLANG_ANALYZER_NONNULL = YES;
				CLANG_ANALYZER_NUMBER_OBJECT_CONVERSION = YES_AGGRESSIVE;
				CLANG_CXX_LANGUAGE_STANDARD = "gnu++14";
				CLANG_CXX_LIBRARY = "libc++";
				CLANG_ENABLE_MODULES = YES;
				CLANG_ENABLE_OBJC_ARC = YES;
				CLANG_ENABLE_OBJC_WEAK = YES;
				CLANG_WARN_BLOCK_CAPTURE_AUTORELEASING = YES;
				CLANG_WARN_BOOL_CONVERSION = YES;
				CLANG_WARN_COMMA = YES;
				CLANG_WARN_CONSTANT_CONVERSION = YES;
				CLANG_WARN_DEPRECATED_OBJC_IMPLEMENTATIONS = YES;
				CLANG_WARN_DIRECT_OBJC_ISA_USAGE = YES_ERROR;
				CLANG_WARN_DOCUMENTATION_COMMENTS = YES;
				CLANG_WARN_EMPTY_BODY = YES;
				CLANG_WARN_ENUM_CONVERSION = YES;
				CLANG_WARN_INFINITE_RECURSION = YES;
				CLANG_WARN_INT_CONVERSION = YES;
				CLANG_WARN_NON_LITERAL_NULL_CONVERSION = YES;
				CLANG_WARN_OBJC_IMPLICIT_RETAIN_SELF = YES;
				CLANG_WARN_OBJC_LITERAL_CONVERSION = YES;
				CLANG_WARN_OBJC_ROOT_CLASS = YES_ERROR;
				CLANG_WARN_RANGE_LOOP_ANALYSIS = YES;
				CLANG_WARN_STRICT_PROTOTYPES = YES;
				CLANG_WARN_SUSPICIOUS_MOVE = YES;
				CLANG_WARN_UNGUARDED_AVAILABILITY = YES_AGGRESSIVE;
				CLANG_WARN_UNREACHABLE_CODE = YES;
				CLANG_WARN__DUPLICATE_METHOD_MATCH = YES;
				CODE_SIGN_IDENTITY = "-";
				COPY_PHASE_STRIP = NO;
				DEBUG_INFORMATION_FORMAT = "dwarf-with-dsym";
				ENABLE_NS_ASSERTIONS = NO;
				ENABLE_STRICT_OBJC_MSGSEND = YES;
				GCC_C_LANGUAGE_STANDARD = gnu11;
				GCC_NO_COMMON_BLOCKS = YES;
				GCC_WARN_64_TO_32_BIT_CONVERSION = YES;
				GCC_WARN_ABOUT_RETURN_TYPE = YES_ERROR;
				GCC_WARN_UNDECLARED_SELECTOR = YES;
				GCC_WARN_UNINITIALIZED_AUTOS = YES_AGGRESSIVE;
				GCC_WARN_UNUSED_FUNCTION = YES;
				GCC_WARN_UNUSED_VARIABLE = YES;
				MACOSX_DEPLOYMENT_TARGET = 10.13;
				MTL_ENABLE_DEBUG_INFO = NO;
				SDKROOT = macosx;
			};
			name = Release;
		};
		45B0E54A2137F2C700F69CCC /* Debug */ = {
			isa = XCBuildConfiguration;
			buildSettings = {
				CODE_SIGN_STYLE = Automatic;
				DEVELOPMENT_TEAM = "";
				ENABLE_STRICT_OBJC_MSGSEND = NO;
				PRODUCT_NAME = "$(TARGET_NAME)";
			};
			name = Debug;
		};
		45B0E54B2137F2C700F69CCC /* Release */ = {
			isa = XCBuildConfiguration;
			buildSettings = {
				CODE_SIGN_STYLE = Automatic;
				DEVELOPMENT_TEAM = "";
				ENABLE_STRICT_OBJC_MSGSEND = NO;
				PRODUCT_NAME = "$(TARGET_NAME)";
			};
			name = Release;
		};
/* End XCBuildConfiguration section */

/* Begin XCConfigurationList section */
		45B0E53D2137F2C700F69CCC /* Build configuration list for PBXProject "01RuntimeBasic" */ = {
			isa = XCConfigurationList;
			buildConfigurations = (
				45B0E5472137F2C700F69CCC /* Debug */,
				45B0E5482137F2C700F69CCC /* Release */,
			);
			defaultConfigurationIsVisible = 0;
			defaultConfigurationName = Release;
		};
		45B0E5492137F2C700F69CCC /* Build configuration list for PBXNativeTarget "01RuntimeBasic" */ = {
			isa = XCConfigurationList;
			buildConfigurations = (
				45B0E54A2137F2C700F69CCC /* Debug */,
				45B0E54B2137F2C700F69CCC /* Release */,
			);
			defaultConfigurationIsVisible = 0;
			defaultConfigurationName = Release;
		};
/* End XCConfigurationList section */
	};
	rootObject = 45B0E53A2137F2C700F69CCC /* Project object */;
}
