// !$*UTF8*$!
{
	archiveVersion = 1;
	classes = {
	};
	objectVersion = 50;
	objects = {

/* Begin PBXBuildFile section */
		45E56EF323CC754D00745C86 /* AppDelegate.m in Sources */ = {isa = PBXBuildFile; fileRef = 45E56EF223CC754D00745C86 /* AppDelegate.m */; };
		45E56EF923CC754D00745C86 /* ViewController.m in Sources */ = {isa = PBXBuildFile; fileRef = 45E56EF823CC754D00745C86 /* ViewController.m */; };
		45E56EFC23CC754D00745C86 /* Main.storyboard in Resources */ = {isa = PBXBuildFile; fileRef = 45E56EFA23CC754D00745C86 /* Main.storyboard */; };
		45E56EFE23CC754E00745C86 /* Assets.xcassets in Resources */ = {isa = PBXBuildFile; fileRef = 45E56EFD23CC754E00745C86 /* Assets.xcassets */; };
		45E56F0123CC754E00745C86 /* LaunchScreen.storyboard in Resources */ = {isa = PBXBuildFile; fileRef = 45E56EFF23CC754E00745C86 /* LaunchScreen.storyboard */; };
		45E56F0423CC754E00745C86 /* main.m in Sources */ = {isa = PBXBuildFile; fileRef = 45E56F0323CC754E00745C86 /* main.m */; };
		45E56F0B23CC779500745C86 /* README.md in Resources */ = {isa = PBXBuildFile; fileRef = 45E56F0A23CC779500745C86 /* README.md */; };
/* End PBXBuildFile section */

/* Begin PBXFileReference section */
		45E56EEE23CC754D00745C86 /* 002MultipeerConnectivity.app */ = {isa = PBXFileReference; explicitFileType = wrapper.application; includeInIndex = 0; path = 002MultipeerConnectivity.app; sourceTree = BUILT_PRODUCTS_DIR; };
		45E56EF123CC754D00745C86 /* AppDelegate.h */ = {isa = PBXFileReference; lastKnownFileType = sourcecode.c.h; path = AppDelegate.h; sourceTree = "<group>"; };
		45E56EF223CC754D00745C86 /* AppDelegate.m */ = {isa = PBXFileReference; lastKnownFileType = sourcecode.c.objc; path = AppDelegate.m; sourceTree = "<group>"; };
		45E56EF723CC754D00745C86 /* ViewController.h */ = {isa = PBXFileReference; lastKnownFileType = sourcecode.c.h; path = ViewController.h; sourceTree = "<group>"; };
		45E56EF823CC754D00745C86 /* ViewController.m */ = {isa = PBXFileReference; lastKnownFileType = sourcecode.c.objc; path = ViewController.m; sourceTree = "<group>"; };
		45E56EFB23CC754D00745C86 /* Base */ = {isa = PBXFileReference; lastKnownFileType = file.storyboard; name = Base; path = Base.lproj/Main.storyboard; sourceTree = "<group>"; };
		45E56EFD23CC754E00745C86 /* Assets.xcassets */ = {isa = PBXFileReference; lastKnownFileType = folder.assetcatalog; path = Assets.xcassets; sourceTree = "<group>"; };
		45E56F0023CC754E00745C86 /* Base */ = {isa = PBXFileReference; lastKnownFileType = file.storyboard; name = Base; path = Base.lproj/LaunchScreen.storyboard; sourceTree = "<group>"; };
		45E56F0223CC754E00745C86 /* Info.plist */ = {isa = PBXFileReference; lastKnownFileType = text.plist.xml; path = Info.plist; sourceTree = "<group>"; };
		45E56F0323CC754E00745C86 /* main.m */ = {isa = PBXFileReference; lastKnownFileType = sourcecode.c.objc; path = main.m; sourceTree = "<group>"; };
		45E56F0A23CC779500745C86 /* README.md */ = {isa = PBXFileReference; fileEncoding = 4; lastKnownFileType = net.daringfireball.markdown; path = README.md; sourceTree = "<group>"; };
		45E56F0D23CCA93D00745C86 /* MultipeerConnectivity.framework */ = {isa = PBXFileReference; lastKnownFileType = wrapper.framework; name = MultipeerConnectivity.framework; path = System/Library/Frameworks/MultipeerConnectivity.framework; sourceTree = SDKROOT; };
/* End PBXFileReference section */

/* Begin PBXFrameworksBuildPhase section */
		45E56EEB23CC754D00745C86 /* Frameworks */ = {
			isa = PBXFrameworksBuildPhase;
			buildActionMask = 2147483647;
			files = (
			);
			runOnlyForDeploymentPostprocessing = 0;
		};
/* End PBXFrameworksBuildPhase section */

/* Begin PBXGroup section */
		45E56EE523CC754D00745C86 = {
			isa = PBXGroup;
			children = (
				45E56EF023CC754D00745C86 /* 002MultipeerConnectivity */,
				45E56EEF23CC754D00745C86 /* Products */,
				45E56F0A23CC779500745C86 /* README.md */,
				45E56F0C23CCA93D00745C86 /* Frameworks */,
			);
			sourceTree = "<group>";
		};
		45E56EEF23CC754D00745C86 /* Products */ = {
			isa = PBXGroup;
			children = (
				45E56EEE23CC754D00745C86 /* 002MultipeerConnectivity.app */,
			);
			name = Products;
			sourceTree = "<group>";
		};
		45E56EF023CC754D00745C86 /* 002MultipeerConnectivity */ = {
			isa = PBXGroup;
			children = (
				45E56EF123CC754D00745C86 /* AppDelegate.h */,
				45E56EF223CC754D00745C86 /* AppDelegate.m */,
				45E56EF723CC754D00745C86 /* ViewController.h */,
				45E56EF823CC754D00745C86 /* ViewController.m */,
				45E56EFA23CC754D00745C86 /* Main.storyboard */,
				45E56EFD23CC754E00745C86 /* Assets.xcassets */,
				45E56EFF23CC754E00745C86 /* LaunchScreen.storyboard */,
				45E56F0223CC754E00745C86 /* Info.plist */,
				45E56F0323CC754E00745C86 /* main.m */,
			);
			path = 002MultipeerConnectivity;
			sourceTree = "<group>";
		};
		45E56F0C23CCA93D00745C86 /* Frameworks */ = {
			isa = PBXGroup;
			children = (
				45E56F0D23CCA93D00745C86 /* MultipeerConnectivity.framework */,
			);
			name = Frameworks;
			sourceTree = "<group>";
		};
/* End PBXGroup section */

/* Begin PBXNativeTarget section */
		45E56EED23CC754D00745C86 /* 002MultipeerConnectivity */ = {
			isa = PBXNativeTarget;
			buildConfigurationList = 45E56F0723CC754E00745C86 /* Build configuration list for PBXNativeTarget "002MultipeerConnectivity" */;
			buildPhases = (
				45E56EEA23CC754D00745C86 /* Sources */,
				45E56EEB23CC754D00745C86 /* Frameworks */,
				45E56EEC23CC754D00745C86 /* Resources */,
			);
			buildRules = (
			);
			dependencies = (
			);
			name = 002MultipeerConnectivity;
			productName = 002MultipeerConnectivity;
			productReference = 45E56EEE23CC754D00745C86 /* 002MultipeerConnectivity.app */;
			productType = "com.apple.product-type.application";
		};
/* End PBXNativeTarget section */

/* Begin PBXProject section */
		45E56EE623CC754D00745C86 /* Project object */ = {
			isa = PBXProject;
			attributes = {
				LastUpgradeCheck = 1130;
				ORGANIZATIONNAME = east;
				TargetAttributes = {
					45E56EED23CC754D00745C86 = {
						CreatedOnToolsVersion = 11.3;
					};
				};
			};
			buildConfigurationList = 45E56EE923CC754D00745C86 /* Build configuration list for PBXProject "002MultipeerConnectivity" */;
			compatibilityVersion = "Xcode 9.3";
			developmentRegion = en;
			hasScannedForEncodings = 0;
			knownRegions = (
				en,
				Base,
			);
			mainGroup = 45E56EE523CC754D00745C86;
			productRefGroup = 45E56EEF23CC754D00745C86 /* Products */;
			projectDirPath = "";
			projectRoot = "";
			targets = (
				45E56EED23CC754D00745C86 /* 002MultipeerConnectivity */,
			);
		};
/* End PBXProject section */

/* Begin PBXResourcesBuildPhase section */
		45E56EEC23CC754D00745C86 /* Resources */ = {
			isa = PBXResourcesBuildPhase;
			buildActionMask = 2147483647;
			files = (
				45E56F0123CC754E00745C86 /* LaunchScreen.storyboard in Resources */,
				45E56EFE23CC754E00745C86 /* Assets.xcassets in Resources */,
				45E56F0B23CC779500745C86 /* README.md in Resources */,
				45E56EFC23CC754D00745C86 /* Main.storyboard in Resources */,
			);
			runOnlyForDeploymentPostprocessing = 0;
		};
/* End PBXResourcesBuildPhase section */

/* Begin PBXSourcesBuildPhase section */
		45E56EEA23CC754D00745C86 /* Sources */ = {
			isa = PBXSourcesBuildPhase;
			buildActionMask = 2147483647;
			files = (
				45E56EF923CC754D00745C86 /* ViewController.m in Sources */,
				45E56EF323CC754D00745C86 /* AppDelegate.m in Sources */,
				45E56F0423CC754E00745C86 /* main.m in Sources */,
			);
			runOnlyForDeploymentPostprocessing = 0;
		};
/* End PBXSourcesBuildPhase section */

/* Begin PBXVariantGroup section */
		45E56EFA23CC754D00745C86 /* Main.storyboard */ = {
			isa = PBXVariantGroup;
			children = (
				45E56EFB23CC754D00745C86 /* Base */,
			);
			name = Main.storyboard;
			sourceTree = "<group>";
		};
		45E56EFF23CC754E00745C86 /* LaunchScreen.storyboard */ = {
			isa = PBXVariantGroup;
			children = (
				45E56F0023CC754E00745C86 /* Base */,
			);
			name = LaunchScreen.storyboard;
			sourceTree = "<group>";
		};
/* End PBXVariantGroup section */

/* Begin XCBuildConfiguration section */
		45E56F0523CC754E00745C86 /* Debug */ = {
			isa = XCBuildConfiguration;
			buildSettings = {
				ALWAYS_SEARCH_USER_PATHS = NO;
				CLANG_ANALYZER_NONNULL = YES;
				CLANG_ANALYZER_NUMBER_OBJECT_CONVERSION = YES_AGGRESSIVE;
				CLANG_CXX_LANGUAGE_STANDARD = "gnu++14";
				CLANG_CXX_LIBRARY = "libc++";
				CLANG_ENABLE_MODULES = YES;
				CLANG_ENABLE_OBJC_ARC = YES;
				CLANG_ENABLE_OBJC_WEAK = YES;
				CLANG_WARN_BLOCK_CAPTURE_AUTORELEASING = YES;
				CLANG_WARN_BOOL_CONVERSION = YES;
				CLANG_WARN_COMMA = YES;
				CLANG_WARN_CONSTANT_CONVERSION = YES;
				CLANG_WARN_DEPRECATED_OBJC_IMPLEMENTATIONS = YES;
				CLANG_WARN_DIRECT_OBJC_ISA_USAGE = YES_ERROR;
				CLANG_WARN_DOCUMENTATION_COMMENTS = YES;
				CLANG_WARN_EMPTY_BODY = YES;
				CLANG_WARN_ENUM_CONVERSION = YES;
				CLANG_WARN_INFINITE_RECURSION = YES;
				CLANG_WARN_INT_CONVERSION = YES;
				CLANG_WARN_NON_LITERAL_NULL_CONVERSION = YES;
				CLANG_WARN_OBJC_IMPLICIT_RETAIN_SELF = YES;
				CLANG_WARN_OBJC_LITERAL_CONVERSION = YES;
				CLANG_WARN_OBJC_ROOT_CLASS = YES_ERROR;
				CLANG_WARN_RANGE_LOOP_ANALYSIS = YES;
				CLANG_WARN_STRICT_PROTOTYPES = YES;
				CLANG_WARN_SUSPICIOUS_MOVE = YES;
				CLANG_WARN_UNGUARDED_AVAILABILITY = YES_AGGRESSIVE;
				CLANG_WARN_UNREACHABLE_CODE = YES;
				CLANG_WARN__DUPLICATE_METHOD_MATCH = YES;
				COPY_PHASE_STRIP = NO;
				DEBUG_INFORMATION_FORMAT = dwarf;
				ENABLE_STRICT_OBJC_MSGSEND = YES;
				ENABLE_TESTABILITY = YES;
				GCC_C_LANGUAGE_STANDARD = gnu11;
				GCC_DYNAMIC_NO_PIC = NO;
				GCC_NO_COMMON_BLOCKS = YES;
				GCC_OPTIMIZATION_LEVEL = 0;
				GCC_PREPROCESSOR_DEFINITIONS = (
					"DEBUG=1",
					"$(inherited)",
				);
				GCC_WARN_64_TO_32_BIT_CONVERSION = YES;
				GCC_WARN_ABOUT_RETURN_TYPE = YES_ERROR;
				GCC_WARN_UNDECLARED_SELECTOR = YES;
				GCC_WARN_UNINITIALIZED_AUTOS = YES_AGGRESSIVE;
				GCC_WARN_UNUSED_FUNCTION = YES;
				GCC_WARN_UNUSED_VARIABLE = YES;
				IPHONEOS_DEPLOYMENT_TARGET = 13.2;
				MTL_ENABLE_DEBUG_INFO = INCLUDE_SOURCE;
				MTL_FAST_MATH = YES;
				ONLY_ACTIVE_ARCH = YES;
				SDKROOT = iphoneos;
			};
			name = Debug;
		};
		45E56F0623CC754E00745C86 /* Release */ = {
			isa = XCBuildConfiguration;
			buildSettings = {
				ALWAYS_SEARCH_USER_PATHS = NO;
				CLANG_ANALYZER_NONNULL = YES;
				CLANG_ANALYZER_NUMBER_OBJECT_CONVERSION = YES_AGGRESSIVE;
				CLANG_CXX_LANGUAGE_STANDARD = "gnu++14";
				CLANG_CXX_LIBRARY = "libc++";
				CLANG_ENABLE_MODULES = YES;
				CLANG_ENABLE_OBJC_ARC = YES;
				CLANG_ENABLE_OBJC_WEAK = YES;
				CLANG_WARN_BLOCK_CAPTURE_AUTORELEASING = YES;
				CLANG_WARN_BOOL_CONVERSION = YES;
				CLANG_WARN_COMMA = YES;
				CLANG_WARN_CONSTANT_CONVERSION = YES;
				CLANG_WARN_DEPRECATED_OBJC_IMPLEMENTATIONS = YES;
				CLANG_WARN_DIRECT_OBJC_ISA_USAGE = YES_ERROR;
				CLANG_WARN_DOCUMENTATION_COMMENTS = YES;
				CLANG_WARN_EMPTY_BODY = YES;
				CLANG_WARN_ENUM_CONVERSION = YES;
				CLANG_WARN_INFINITE_RECURSION = YES;
				CLANG_WARN_INT_CONVERSION = YES;
				CLANG_WARN_NON_LITERAL_NULL_CONVERSION = YES;
				CLANG_WARN_OBJC_IMPLICIT_RETAIN_SELF = YES;
				CLANG_WARN_OBJC_LITERAL_CONVERSION = YES;
				CLANG_WARN_OBJC_ROOT_CLASS = YES_ERROR;
				CLANG_WARN_RANGE_LOOP_ANALYSIS = YES;
				CLANG_WARN_STRICT_PROTOTYPES = YES;
				CLANG_WARN_SUSPICIOUS_MOVE = YES;
				CLANG_WARN_UNGUARDED_AVAILABILITY = YES_AGGRESSIVE;
				CLANG_WARN_UNREACHABLE_CODE = YES;
				CLANG_WARN__DUPLICATE_METHOD_MATCH = YES;
				COPY_PHASE_STRIP = NO;
				DEBUG_INFORMATION_FORMAT = "dwarf-with-dsym";
				ENABLE_NS_ASSERTIONS = NO;
				ENABLE_STRICT_OBJC_MSGSEND = YES;
				GCC_C_LANGUAGE_STANDARD = gnu11;
				GCC_NO_COMMON_BLOCKS = YES;
				GCC_WARN_64_TO_32_BIT_CONVERSION = YES;
				GCC_WARN_ABOUT_RETURN_TYPE = YES_ERROR;
				GCC_WARN_UNDECLARED_SELECTOR = YES;
				GCC_WARN_UNINITIALIZED_AUTOS = YES_AGGRESSIVE;
				GCC_WARN_UNUSED_FUNCTION = YES;
				GCC_WARN_UNUSED_VARIABLE = YES;
				IPHONEOS_DEPLOYMENT_TARGET = 13.2;
				MTL_ENABLE_DEBUG_INFO = NO;
				MTL_FAST_MATH = YES;
				SDKROOT = iphoneos;
				VALIDATE_PRODUCT = YES;
			};
			name = Release;
		};
		45E56F0823CC754E00745C86 /* Debug */ = {
			isa = XCBuildConfiguration;
			buildSettings = {
				ASSETCATALOG_COMPILER_APPICON_NAME = AppIcon;
				CODE_SIGN_STYLE = Automatic;
				DEVELOPMENT_TEAM = "";
				INFOPLIST_FILE = 002MultipeerConnectivity/Info.plist;
				IPHONEOS_DEPLOYMENT_TARGET = 12.0;
				LD_RUNPATH_SEARCH_PATHS = (
					"$(inherited)",
					"@executable_path/Frameworks",
				);
				MARKETING_VERSION = 1.0.0;
				PRODUCT_BUNDLE_IDENTIFIER = com.east.002MultipeerConnectivity;
				PRODUCT_NAME = "$(TARGET_NAME)";
				TARGETED_DEVICE_FAMILY = 1;
			};
			name = Debug;
		};
		45E56F0923CC754E00745C86 /* Release */ = {
			isa = XCBuildConfiguration;
			buildSettings = {
				ASSETCATALOG_COMPILER_APPICON_NAME = AppIcon;
				CODE_SIGN_STYLE = Automatic;
				DEVELOPMENT_TEAM = "";
				INFOPLIST_FILE = 002MultipeerConnectivity/Info.plist;
				IPHONEOS_DEPLOYMENT_TARGET = 12.0;
				LD_RUNPATH_SEARCH_PATHS = (
					"$(inherited)",
					"@executable_path/Frameworks",
				);
				MARKETING_VERSION = 1.0.0;
				PRODUCT_BUNDLE_IDENTIFIER = com.east.002MultipeerConnectivity;
				PRODUCT_NAME = "$(TARGET_NAME)";
				TARGETED_DEVICE_FAMILY = 1;
			};
			name = Release;
		};
/* End XCBuildConfiguration section */

/* Begin XCConfigurationList section */
		45E56EE923CC754D00745C86 /* Build configuration list for PBXProject "002MultipeerConnectivity" */ = {
			isa = XCConfigurationList;
			buildConfigurations = (
				45E56F0523CC754E00745C86 /* Debug */,
				45E56F0623CC754E00745C86 /* Release */,
			);
			defaultConfigurationIsVisible = 0;
			defaultConfigurationName = Release;
		};
		45E56F0723CC754E00745C86 /* Build configuration list for PBXNativeTarget "002MultipeerConnectivity" */ = {
			isa = XCConfigurationList;
			buildConfigurations = (
				45E56F0823CC754E00745C86 /* Debug */,
				45E56F0923CC754E00745C86 /* Release */,
			);
			defaultConfigurationIsVisible = 0;
			defaultConfigurationName = Release;
		};
/* End XCConfigurationList section */
	};
	rootObject = 45E56EE623CC754D00745C86 /* Project object */;
}
