// !$*UTF8*$!
{
	archiveVersion = 1;
	classes = {
	};
	objectVersion = 50;
	objects = {

/* Begin PBXBuildFile section */
		4574C2FE23861F0B00863A82 /* AppDelegate.m in Sources */ = {isa = PBXBuildFile; fileRef = 4574C2FD23861F0B00863A82 /* AppDelegate.m */; };
		4574C30123861F0B00863A82 /* ViewController.m in Sources */ = {isa = PBXBuildFile; fileRef = 4574C30023861F0B00863A82 /* ViewController.m */; };
		4574C30423861F0B00863A82 /* Main.storyboard in Resources */ = {isa = PBXBuildFile; fileRef = 4574C30223861F0B00863A82 /* Main.storyboard */; };
		4574C30623861F0C00863A82 /* Assets.xcassets in Resources */ = {isa = PBXBuildFile; fileRef = 4574C30523861F0C00863A82 /* Assets.xcassets */; };
		4574C30923861F0C00863A82 /* LaunchScreen.storyboard in Resources */ = {isa = PBXBuildFile; fileRef = 4574C30723861F0C00863A82 /* LaunchScreen.storyboard */; };
		4574C30C23861F0C00863A82 /* main.m in Sources */ = {isa = PBXBuildFile; fileRef = 4574C30B23861F0C00863A82 /* main.m */; };
		4574C33723861FF000863A82 /* README.md in Resources */ = {isa = PBXBuildFile; fileRef = 4574C33623861FF000863A82 /* README.md */; };
		4574C33C2386206B00863A82 /* DispatchQueue.m in Sources */ = {isa = PBXBuildFile; fileRef = 4574C33B2386206B00863A82 /* DispatchQueue.m */; };
/* End PBXBuildFile section */

/* Begin PBXFileReference section */
		4574C2F923861F0B00863A82 /* 002GCD.app */ = {isa = PBXFileReference; explicitFileType = wrapper.application; includeInIndex = 0; path = 002GCD.app; sourceTree = BUILT_PRODUCTS_DIR; };
		4574C2FC23861F0B00863A82 /* AppDelegate.h */ = {isa = PBXFileReference; lastKnownFileType = sourcecode.c.h; path = AppDelegate.h; sourceTree = "<group>"; };
		4574C2FD23861F0B00863A82 /* AppDelegate.m */ = {isa = PBXFileReference; lastKnownFileType = sourcecode.c.objc; path = AppDelegate.m; sourceTree = "<group>"; };
		4574C2FF23861F0B00863A82 /* ViewController.h */ = {isa = PBXFileReference; lastKnownFileType = sourcecode.c.h; path = ViewController.h; sourceTree = "<group>"; };
		4574C30023861F0B00863A82 /* ViewController.m */ = {isa = PBXFileReference; lastKnownFileType = sourcecode.c.objc; path = ViewController.m; sourceTree = "<group>"; };
		4574C30323861F0B00863A82 /* Base */ = {isa = PBXFileReference; lastKnownFileType = file.storyboard; name = Base; path = Base.lproj/Main.storyboard; sourceTree = "<group>"; };
		4574C30523861F0C00863A82 /* Assets.xcassets */ = {isa = PBXFileReference; lastKnownFileType = folder.assetcatalog; path = Assets.xcassets; sourceTree = "<group>"; };
		4574C30823861F0C00863A82 /* Base */ = {isa = PBXFileReference; lastKnownFileType = file.storyboard; name = Base; path = Base.lproj/LaunchScreen.storyboard; sourceTree = "<group>"; };
		4574C30A23861F0C00863A82 /* Info.plist */ = {isa = PBXFileReference; lastKnownFileType = text.plist.xml; path = Info.plist; sourceTree = "<group>"; };
		4574C30B23861F0C00863A82 /* main.m */ = {isa = PBXFileReference; lastKnownFileType = sourcecode.c.objc; path = main.m; sourceTree = "<group>"; };
		4574C33623861FF000863A82 /* README.md */ = {isa = PBXFileReference; fileEncoding = 4; lastKnownFileType = net.daringfireball.markdown; path = README.md; sourceTree = "<group>"; };
		4574C33A2386206B00863A82 /* DispatchQueue.h */ = {isa = PBXFileReference; lastKnownFileType = sourcecode.c.h; path = DispatchQueue.h; sourceTree = "<group>"; };
		4574C33B2386206B00863A82 /* DispatchQueue.m */ = {isa = PBXFileReference; lastKnownFileType = sourcecode.c.objc; path = DispatchQueue.m; sourceTree = "<group>"; };
/* End PBXFileReference section */

/* Begin PBXFrameworksBuildPhase section */
		4574C2F623861F0B00863A82 /* Frameworks */ = {
			isa = PBXFrameworksBuildPhase;
			buildActionMask = 2147483647;
			files = (
			);
			runOnlyForDeploymentPostprocessing = 0;
		};
/* End PBXFrameworksBuildPhase section */

/* Begin PBXGroup section */
		4574C2F023861F0B00863A82 = {
			isa = PBXGroup;
			children = (
				4574C2FB23861F0B00863A82 /* 002GCD */,
				4574C2FA23861F0B00863A82 /* Products */,
				4574C33623861FF000863A82 /* README.md */,
			);
			sourceTree = "<group>";
		};
		4574C2FA23861F0B00863A82 /* Products */ = {
			isa = PBXGroup;
			children = (
				4574C2F923861F0B00863A82 /* 002GCD.app */,
			);
			name = Products;
			sourceTree = "<group>";
		};
		4574C2FB23861F0B00863A82 /* 002GCD */ = {
			isa = PBXGroup;
			children = (
				4574C33A2386206B00863A82 /* DispatchQueue.h */,
				4574C33B2386206B00863A82 /* DispatchQueue.m */,
				4574C2FC23861F0B00863A82 /* AppDelegate.h */,
				4574C2FD23861F0B00863A82 /* AppDelegate.m */,
				4574C2FF23861F0B00863A82 /* ViewController.h */,
				4574C30023861F0B00863A82 /* ViewController.m */,
				4574C30223861F0B00863A82 /* Main.storyboard */,
				4574C30523861F0C00863A82 /* Assets.xcassets */,
				4574C30723861F0C00863A82 /* LaunchScreen.storyboard */,
				4574C30A23861F0C00863A82 /* Info.plist */,
				4574C30B23861F0C00863A82 /* main.m */,
			);
			path = 002GCD;
			sourceTree = "<group>";
		};
/* End PBXGroup section */

/* Begin PBXNativeTarget section */
		4574C2F823861F0B00863A82 /* 002GCD */ = {
			isa = PBXNativeTarget;
			buildConfigurationList = 4574C30F23861F0C00863A82 /* Build configuration list for PBXNativeTarget "002GCD" */;
			buildPhases = (
				4574C2F523861F0B00863A82 /* Sources */,
				4574C2F623861F0B00863A82 /* Frameworks */,
				4574C2F723861F0B00863A82 /* Resources */,
			);
			buildRules = (
			);
			dependencies = (
			);
			name = 002GCD;
			productName = 002GCD;
			productReference = 4574C2F923861F0B00863A82 /* 002GCD.app */;
			productType = "com.apple.product-type.application";
		};
/* End PBXNativeTarget section */

/* Begin PBXProject section */
		4574C2F123861F0B00863A82 /* Project object */ = {
			isa = PBXProject;
			attributes = {
				LastUpgradeCheck = 1010;
				ORGANIZATIONNAME = east;
				TargetAttributes = {
					4574C2F823861F0B00863A82 = {
						CreatedOnToolsVersion = 10.1;
					};
				};
			};
			buildConfigurationList = 4574C2F423861F0B00863A82 /* Build configuration list for PBXProject "002GCD" */;
			compatibilityVersion = "Xcode 9.3";
			developmentRegion = en;
			hasScannedForEncodings = 0;
			knownRegions = (
				en,
				Base,
			);
			mainGroup = 4574C2F023861F0B00863A82;
			productRefGroup = 4574C2FA23861F0B00863A82 /* Products */;
			projectDirPath = "";
			projectRoot = "";
			targets = (
				4574C2F823861F0B00863A82 /* 002GCD */,
			);
		};
/* End PBXProject section */

/* Begin PBXResourcesBuildPhase section */
		4574C2F723861F0B00863A82 /* Resources */ = {
			isa = PBXResourcesBuildPhase;
			buildActionMask = 2147483647;
			files = (
				4574C30923861F0C00863A82 /* LaunchScreen.storyboard in Resources */,
				4574C30623861F0C00863A82 /* Assets.xcassets in Resources */,
				4574C33723861FF000863A82 /* README.md in Resources */,
				4574C30423861F0B00863A82 /* Main.storyboard in Resources */,
			);
			runOnlyForDeploymentPostprocessing = 0;
		};
/* End PBXResourcesBuildPhase section */

/* Begin PBXSourcesBuildPhase section */
		4574C2F523861F0B00863A82 /* Sources */ = {
			isa = PBXSourcesBuildPhase;
			buildActionMask = 2147483647;
			files = (
				4574C30123861F0B00863A82 /* ViewController.m in Sources */,
				4574C30C23861F0C00863A82 /* main.m in Sources */,
				4574C2FE23861F0B00863A82 /* AppDelegate.m in Sources */,
				4574C33C2386206B00863A82 /* DispatchQueue.m in Sources */,
			);
			runOnlyForDeploymentPostprocessing = 0;
		};
/* End PBXSourcesBuildPhase section */

/* Begin PBXVariantGroup section */
		4574C30223861F0B00863A82 /* Main.storyboard */ = {
			isa = PBXVariantGroup;
			children = (
				4574C30323861F0B00863A82 /* Base */,
			);
			name = Main.storyboard;
			sourceTree = "<group>";
		};
		4574C30723861F0C00863A82 /* LaunchScreen.storyboard */ = {
			isa = PBXVariantGroup;
			children = (
				4574C30823861F0C00863A82 /* Base */,
			);
			name = LaunchScreen.storyboard;
			sourceTree = "<group>";
		};
/* End PBXVariantGroup section */

/* Begin XCBuildConfiguration section */
		4574C30D23861F0C00863A82 /* Debug */ = {
			isa = XCBuildConfiguration;
			buildSettings = {
				ALWAYS_SEARCH_USER_PATHS = NO;
				CLANG_ANALYZER_NONNULL = YES;
				CLANG_ANALYZER_NUMBER_OBJECT_CONVERSION = YES_AGGRESSIVE;
				CLANG_CXX_LANGUAGE_STANDARD = "gnu++14";
				CLANG_CXX_LIBRARY = "libc++";
				CLANG_ENABLE_MODULES = YES;
				CLANG_ENABLE_OBJC_ARC = YES;
				CLANG_ENABLE_OBJC_WEAK = YES;
				CLANG_WARN_BLOCK_CAPTURE_AUTORELEASING = YES;
				CLANG_WARN_BOOL_CONVERSION = YES;
				CLANG_WARN_COMMA = YES;
				CLANG_WARN_CONSTANT_CONVERSION = YES;
				CLANG_WARN_DEPRECATED_OBJC_IMPLEMENTATIONS = YES;
				CLANG_WARN_DIRECT_OBJC_ISA_USAGE = YES_ERROR;
				CLANG_WARN_DOCUMENTATION_COMMENTS = YES;
				CLANG_WARN_EMPTY_BODY = YES;
				CLANG_WARN_ENUM_CONVERSION = YES;
				CLANG_WARN_INFINITE_RECURSION = YES;
				CLANG_WARN_INT_CONVERSION = YES;
				CLANG_WARN_NON_LITERAL_NULL_CONVERSION = YES;
				CLANG_WARN_OBJC_IMPLICIT_RETAIN_SELF = YES;
				CLANG_WARN_OBJC_LITERAL_CONVERSION = YES;
				CLANG_WARN_OBJC_ROOT_CLASS = YES_ERROR;
				CLANG_WARN_RANGE_LOOP_ANALYSIS = YES;
				CLANG_WARN_STRICT_PROTOTYPES = YES;
				CLANG_WARN_SUSPICIOUS_MOVE = YES;
				CLANG_WARN_UNGUARDED_AVAILABILITY = YES_AGGRESSIVE;
				CLANG_WARN_UNREACHABLE_CODE = YES;
				CLANG_WARN__DUPLICATE_METHOD_MATCH = YES;
				CODE_SIGN_IDENTITY = "iPhone Developer";
				COPY_PHASE_STRIP = NO;
				DEBUG_INFORMATION_FORMAT = dwarf;
				ENABLE_STRICT_OBJC_MSGSEND = YES;
				ENABLE_TESTABILITY = YES;
				GCC_C_LANGUAGE_STANDARD = gnu11;
				GCC_DYNAMIC_NO_PIC = NO;
				GCC_NO_COMMON_BLOCKS = YES;
				GCC_OPTIMIZATION_LEVEL = 0;
				GCC_PREPROCESSOR_DEFINITIONS = (
					"DEBUG=1",
					"$(inherited)",
				);
				GCC_WARN_64_TO_32_BIT_CONVERSION = YES;
				GCC_WARN_ABOUT_RETURN_TYPE = YES_ERROR;
				GCC_WARN_UNDECLARED_SELECTOR = YES;
				GCC_WARN_UNINITIALIZED_AUTOS = YES_AGGRESSIVE;
				GCC_WARN_UNUSED_FUNCTION = YES;
				GCC_WARN_UNUSED_VARIABLE = YES;
				IPHONEOS_DEPLOYMENT_TARGET = 12.1;
				MTL_ENABLE_DEBUG_INFO = INCLUDE_SOURCE;
				MTL_FAST_MATH = YES;
				ONLY_ACTIVE_ARCH = YES;
				SDKROOT = iphoneos;
			};
			name = Debug;
		};
		4574C30E23861F0C00863A82 /* Release */ = {
			isa = XCBuildConfiguration;
			buildSettings = {
				ALWAYS_SEARCH_USER_PATHS = NO;
				CLANG_ANALYZER_NONNULL = YES;
				CLANG_ANALYZER_NUMBER_OBJECT_CONVERSION = YES_AGGRESSIVE;
				CLANG_CXX_LANGUAGE_STANDARD = "gnu++14";
				CLANG_CXX_LIBRARY = "libc++";
				CLANG_ENABLE_MODULES = YES;
				CLANG_ENABLE_OBJC_ARC = YES;
				CLANG_ENABLE_OBJC_WEAK = YES;
				CLANG_WARN_BLOCK_CAPTURE_AUTORELEASING = YES;
				CLANG_WARN_BOOL_CONVERSION = YES;
				CLANG_WARN_COMMA = YES;
				CLANG_WARN_CONSTANT_CONVERSION = YES;
				CLANG_WARN_DEPRECATED_OBJC_IMPLEMENTATIONS = YES;
				CLANG_WARN_DIRECT_OBJC_ISA_USAGE = YES_ERROR;
				CLANG_WARN_DOCUMENTATION_COMMENTS = YES;
				CLANG_WARN_EMPTY_BODY = YES;
				CLANG_WARN_ENUM_CONVERSION = YES;
				CLANG_WARN_INFINITE_RECURSION = YES;
				CLANG_WARN_INT_CONVERSION = YES;
				CLANG_WARN_NON_LITERAL_NULL_CONVERSION = YES;
				CLANG_WARN_OBJC_IMPLICIT_RETAIN_SELF = YES;
				CLANG_WARN_OBJC_LITERAL_CONVERSION = YES;
				CLANG_WARN_OBJC_ROOT_CLASS = YES_ERROR;
				CLANG_WARN_RANGE_LOOP_ANALYSIS = YES;
				CLANG_WARN_STRICT_PROTOTYPES = YES;
				CLANG_WARN_SUSPICIOUS_MOVE = YES;
				CLANG_WARN_UNGUARDED_AVAILABILITY = YES_AGGRESSIVE;
				CLANG_WARN_UNREACHABLE_CODE = YES;
				CLANG_WARN__DUPLICATE_METHOD_MATCH = YES;
				CODE_SIGN_IDENTITY = "iPhone Developer";
				COPY_PHASE_STRIP = NO;
				DEBUG_INFORMATION_FORMAT = "dwarf-with-dsym";
				ENABLE_NS_ASSERTIONS = NO;
				ENABLE_STRICT_OBJC_MSGSEND = YES;
				GCC_C_LANGUAGE_STANDARD = gnu11;
				GCC_NO_COMMON_BLOCKS = YES;
				GCC_WARN_64_TO_32_BIT_CONVERSION = YES;
				GCC_WARN_ABOUT_RETURN_TYPE = YES_ERROR;
				GCC_WARN_UNDECLARED_SELECTOR = YES;
				GCC_WARN_UNINITIALIZED_AUTOS = YES_AGGRESSIVE;
				GCC_WARN_UNUSED_FUNCTION = YES;
				GCC_WARN_UNUSED_VARIABLE = YES;
				IPHONEOS_DEPLOYMENT_TARGET = 12.1;
				MTL_ENABLE_DEBUG_INFO = NO;
				MTL_FAST_MATH = YES;
				SDKROOT = iphoneos;
				VALIDATE_PRODUCT = YES;
			};
			name = Release;
		};
		4574C31023861F0C00863A82 /* Debug */ = {
			isa = XCBuildConfiguration;
			buildSettings = {
				ASSETCATALOG_COMPILER_APPICON_NAME = AppIcon;
				CODE_SIGN_STYLE = Automatic;
				DEVELOPMENT_TEAM = "";
				INFOPLIST_FILE = 002GCD/Info.plist;
				IPHONEOS_DEPLOYMENT_TARGET = 11.0;
				LD_RUNPATH_SEARCH_PATHS = (
					"$(inherited)",
					"@executable_path/Frameworks",
				);
				PRODUCT_BUNDLE_IDENTIFIER = com.east.002GCD;
				PRODUCT_NAME = "$(TARGET_NAME)";
				TARGETED_DEVICE_FAMILY = "1,2";
			};
			name = Debug;
		};
		4574C31123861F0C00863A82 /* Release */ = {
			isa = XCBuildConfiguration;
			buildSettings = {
				ASSETCATALOG_COMPILER_APPICON_NAME = AppIcon;
				CODE_SIGN_STYLE = Automatic;
				DEVELOPMENT_TEAM = "";
				INFOPLIST_FILE = 002GCD/Info.plist;
				IPHONEOS_DEPLOYMENT_TARGET = 11.0;
				LD_RUNPATH_SEARCH_PATHS = (
					"$(inherited)",
					"@executable_path/Frameworks",
				);
				PRODUCT_BUNDLE_IDENTIFIER = com.east.002GCD;
				PRODUCT_NAME = "$(TARGET_NAME)";
				TARGETED_DEVICE_FAMILY = "1,2";
			};
			name = Release;
		};
/* End XCBuildConfiguration section */

/* Begin XCConfigurationList section */
		4574C2F423861F0B00863A82 /* Build configuration list for PBXProject "002GCD" */ = {
			isa = XCConfigurationList;
			buildConfigurations = (
				4574C30D23861F0C00863A82 /* Debug */,
				4574C30E23861F0C00863A82 /* Release */,
			);
			defaultConfigurationIsVisible = 0;
			defaultConfigurationName = Release;
		};
		4574C30F23861F0C00863A82 /* Build configuration list for PBXNativeTarget "002GCD" */ = {
			isa = XCConfigurationList;
			buildConfigurations = (
				4574C31023861F0C00863A82 /* Debug */,
				4574C31123861F0C00863A82 /* Release */,
			);
			defaultConfigurationIsVisible = 0;
			defaultConfigurationName = Release;
		};
/* End XCConfigurationList section */
	};
	rootObject = 4574C2F123861F0B00863A82 /* Project object */;
}
