// !$*UTF8*$!
{
	archiveVersion = 1;
	classes = {
	};
	objectVersion = 50;
	objects = {

/* Begin PBXBuildFile section */
		4550A47A247BC26B00CC8E9F /* main.m in Sources */ = {isa = PBXBuildFile; fileRef = 4550A479247BC26B00CC8E9F /* main.m */; };
		4550A482247BC2FB00CC8E9F /* FruitShop.m in Sources */ = {isa = PBXBuildFile; fileRef = 4550A481247BC2FB00CC8E9F /* FruitShop.m */; };
		4550A485247BC34900CC8E9F /* Restaurant.m in Sources */ = {isa = PBXBuildFile; fileRef = 4550A484247BC34900CC8E9F /* Restaurant.m */; };
		4550A488247BC43C00CC8E9F /* ProxyProvider.m in Sources */ = {isa = PBXBuildFile; fileRef = 4550A487247BC43C00CC8E9F /* ProxyProvider.m */; };
		4550A48F247BC97A00CC8E9F /* Woman.m in Sources */ = {isa = PBXBuildFile; fileRef = 4550A48B247BC97A00CC8E9F /* Woman.m */; };
		4550A490247BC97A00CC8E9F /* Man.m in Sources */ = {isa = PBXBuildFile; fileRef = 4550A48C247BC97A00CC8E9F /* Man.m */; };
/* End PBXBuildFile section */

/* Begin PBXCopyFilesBuildPhase section */
		4550A474247BC26B00CC8E9F /* CopyFiles */ = {
			isa = PBXCopyFilesBuildPhase;
			buildActionMask = 2147483647;
			dstPath = /usr/share/man/man1/;
			dstSubfolderSpec = 0;
			files = (
			);
			runOnlyForDeploymentPostprocessing = 1;
		};
/* End PBXCopyFilesBuildPhase section */

/* Begin PBXFileReference section */
		4550A476247BC26B00CC8E9F /* 02RuntimeMsgForward */ = {isa = PBXFileReference; explicitFileType = "compiled.mach-o.executable"; includeInIndex = 0; path = 02RuntimeMsgForward; sourceTree = BUILT_PRODUCTS_DIR; };
		4550A479247BC26B00CC8E9F /* main.m */ = {isa = PBXFileReference; lastKnownFileType = sourcecode.c.objc; path = main.m; sourceTree = "<group>"; };
		4550A480247BC2FB00CC8E9F /* FruitShop.h */ = {isa = PBXFileReference; lastKnownFileType = sourcecode.c.h; path = FruitShop.h; sourceTree = "<group>"; };
		4550A481247BC2FB00CC8E9F /* FruitShop.m */ = {isa = PBXFileReference; lastKnownFileType = sourcecode.c.objc; path = FruitShop.m; sourceTree = "<group>"; };
		4550A483247BC34900CC8E9F /* Restaurant.h */ = {isa = PBXFileReference; lastKnownFileType = sourcecode.c.h; path = Restaurant.h; sourceTree = "<group>"; };
		4550A484247BC34900CC8E9F /* Restaurant.m */ = {isa = PBXFileReference; lastKnownFileType = sourcecode.c.objc; path = Restaurant.m; sourceTree = "<group>"; };
		4550A486247BC43C00CC8E9F /* ProxyProvider.h */ = {isa = PBXFileReference; lastKnownFileType = sourcecode.c.h; path = ProxyProvider.h; sourceTree = "<group>"; };
		4550A487247BC43C00CC8E9F /* ProxyProvider.m */ = {isa = PBXFileReference; lastKnownFileType = sourcecode.c.objc; path = ProxyProvider.m; sourceTree = "<group>"; };
		4550A48B247BC97A00CC8E9F /* Woman.m */ = {isa = PBXFileReference; fileEncoding = 4; lastKnownFileType = sourcecode.c.objc; path = Woman.m; sourceTree = "<group>"; };
		4550A48C247BC97A00CC8E9F /* Man.m */ = {isa = PBXFileReference; fileEncoding = 4; lastKnownFileType = sourcecode.c.objc; path = Man.m; sourceTree = "<group>"; };
		4550A48D247BC97A00CC8E9F /* Man.h */ = {isa = PBXFileReference; fileEncoding = 4; lastKnownFileType = sourcecode.c.h; path = Man.h; sourceTree = "<group>"; };
		4550A48E247BC97A00CC8E9F /* Woman.h */ = {isa = PBXFileReference; fileEncoding = 4; lastKnownFileType = sourcecode.c.h; path = Woman.h; sourceTree = "<group>"; };
/* End PBXFileReference section */

/* Begin PBXFrameworksBuildPhase section */
		4550A473247BC26B00CC8E9F /* Frameworks */ = {
			isa = PBXFrameworksBuildPhase;
			buildActionMask = 2147483647;
			files = (
			);
			runOnlyForDeploymentPostprocessing = 0;
		};
/* End PBXFrameworksBuildPhase section */

/* Begin PBXGroup section */
		4550A46D247BC26B00CC8E9F = {
			isa = PBXGroup;
			children = (
				4550A478247BC26B00CC8E9F /* 02RuntimeMsgForward */,
				4550A477247BC26B00CC8E9F /* Products */,
			);
			sourceTree = "<group>";
		};
		4550A477247BC26B00CC8E9F /* Products */ = {
			isa = PBXGroup;
			children = (
				4550A476247BC26B00CC8E9F /* 02RuntimeMsgForward */,
			);
			name = Products;
			sourceTree = "<group>";
		};
		4550A478247BC26B00CC8E9F /* 02RuntimeMsgForward */ = {
			isa = PBXGroup;
			children = (
				4550A48A247BC90F00CC8E9F /* msgforward */,
				4550A489247BC8F400CC8E9F /* proxy */,
				4550A479247BC26B00CC8E9F /* main.m */,
			);
			path = 02RuntimeMsgForward;
			sourceTree = "<group>";
		};
		4550A489247BC8F400CC8E9F /* proxy */ = {
			isa = PBXGroup;
			children = (
				4550A480247BC2FB00CC8E9F /* FruitShop.h */,
				4550A481247BC2FB00CC8E9F /* FruitShop.m */,
				4550A483247BC34900CC8E9F /* Restaurant.h */,
				4550A484247BC34900CC8E9F /* Restaurant.m */,
				4550A486247BC43C00CC8E9F /* ProxyProvider.h */,
				4550A487247BC43C00CC8E9F /* ProxyProvider.m */,
			);
			path = proxy;
			sourceTree = "<group>";
		};
		4550A48A247BC90F00CC8E9F /* msgforward */ = {
			isa = PBXGroup;
			children = (
				4550A48D247BC97A00CC8E9F /* Man.h */,
				4550A48C247BC97A00CC8E9F /* Man.m */,
				4550A48E247BC97A00CC8E9F /* Woman.h */,
				4550A48B247BC97A00CC8E9F /* Woman.m */,
			);
			path = msgforward;
			sourceTree = "<group>";
		};
/* End PBXGroup section */

/* Begin PBXNativeTarget section */
		4550A475247BC26B00CC8E9F /* 02RuntimeMsgForward */ = {
			isa = PBXNativeTarget;
			buildConfigurationList = 4550A47D247BC26B00CC8E9F /* Build configuration list for PBXNativeTarget "02RuntimeMsgForward" */;
			buildPhases = (
				4550A472247BC26B00CC8E9F /* Sources */,
				4550A473247BC26B00CC8E9F /* Frameworks */,
				4550A474247BC26B00CC8E9F /* CopyFiles */,
			);
			buildRules = (
			);
			dependencies = (
			);
			name = 02RuntimeMsgForward;
			productName = 02RuntimeMsgForward;
			productReference = 4550A476247BC26B00CC8E9F /* 02RuntimeMsgForward */;
			productType = "com.apple.product-type.tool";
		};
/* End PBXNativeTarget section */

/* Begin PBXProject section */
		4550A46E247BC26B00CC8E9F /* Project object */ = {
			isa = PBXProject;
			attributes = {
				LastUpgradeCheck = 1130;
				ORGANIZATIONNAME = east;
				TargetAttributes = {
					4550A475247BC26B00CC8E9F = {
						CreatedOnToolsVersion = 11.3;
					};
				};
			};
			buildConfigurationList = 4550A471247BC26B00CC8E9F /* Build configuration list for PBXProject "02RuntimeMsgForward" */;
			compatibilityVersion = "Xcode 9.3";
			developmentRegion = en;
			hasScannedForEncodings = 0;
			knownRegions = (
				en,
				Base,
			);
			mainGroup = 4550A46D247BC26B00CC8E9F;
			productRefGroup = 4550A477247BC26B00CC8E9F /* Products */;
			projectDirPath = "";
			projectRoot = "";
			targets = (
				4550A475247BC26B00CC8E9F /* 02RuntimeMsgForward */,
			);
		};
/* End PBXProject section */

/* Begin PBXSourcesBuildPhase section */
		4550A472247BC26B00CC8E9F /* Sources */ = {
			isa = PBXSourcesBuildPhase;
			buildActionMask = 2147483647;
			files = (
				4550A490247BC97A00CC8E9F /* Man.m in Sources */,
				4550A482247BC2FB00CC8E9F /* FruitShop.m in Sources */,
				4550A485247BC34900CC8E9F /* Restaurant.m in Sources */,
				4550A47A247BC26B00CC8E9F /* main.m in Sources */,
				4550A488247BC43C00CC8E9F /* ProxyProvider.m in Sources */,
				4550A48F247BC97A00CC8E9F /* Woman.m in Sources */,
			);
			runOnlyForDeploymentPostprocessing = 0;
		};
/* End PBXSourcesBuildPhase section */

/* Begin XCBuildConfiguration section */
		4550A47B247BC26B00CC8E9F /* Debug */ = {
			isa = XCBuildConfiguration;
			buildSettings = {
				ALWAYS_SEARCH_USER_PATHS = NO;
				CLANG_ANALYZER_NONNULL = YES;
				CLANG_ANALYZER_NUMBER_OBJECT_CONVERSION = YES_AGGRESSIVE;
				CLANG_CXX_LANGUAGE_STANDARD = "gnu++14";
				CLANG_CXX_LIBRARY = "libc++";
				CLANG_ENABLE_MODULES = YES;
				CLANG_ENABLE_OBJC_ARC = YES;
				CLANG_ENABLE_OBJC_WEAK = YES;
				CLANG_WARN_BLOCK_CAPTURE_AUTORELEASING = YES;
				CLANG_WARN_BOOL_CONVERSION = YES;
				CLANG_WARN_COMMA = YES;
				CLANG_WARN_CONSTANT_CONVERSION = YES;
				CLANG_WARN_DEPRECATED_OBJC_IMPLEMENTATIONS = YES;
				CLANG_WARN_DIRECT_OBJC_ISA_USAGE = YES_ERROR;
				CLANG_WARN_DOCUMENTATION_COMMENTS = YES;
				CLANG_WARN_EMPTY_BODY = YES;
				CLANG_WARN_ENUM_CONVERSION = YES;
				CLANG_WARN_INFINITE_RECURSION = YES;
				CLANG_WARN_INT_CONVERSION = YES;
				CLANG_WARN_NON_LITERAL_NULL_CONVERSION = YES;
				CLANG_WARN_OBJC_IMPLICIT_RETAIN_SELF = YES;
				CLANG_WARN_OBJC_LITERAL_CONVERSION = YES;
				CLANG_WARN_OBJC_ROOT_CLASS = YES_ERROR;
				CLANG_WARN_RANGE_LOOP_ANALYSIS = YES;
				CLANG_WARN_STRICT_PROTOTYPES = YES;
				CLANG_WARN_SUSPICIOUS_MOVE = YES;
				CLANG_WARN_UNGUARDED_AVAILABILITY = YES_AGGRESSIVE;
				CLANG_WARN_UNREACHABLE_CODE = YES;
				CLANG_WARN__DUPLICATE_METHOD_MATCH = YES;
				COPY_PHASE_STRIP = NO;
				DEBUG_INFORMATION_FORMAT = dwarf;
				ENABLE_STRICT_OBJC_MSGSEND = YES;
				ENABLE_TESTABILITY = YES;
				GCC_C_LANGUAGE_STANDARD = gnu11;
				GCC_DYNAMIC_NO_PIC = NO;
				GCC_NO_COMMON_BLOCKS = YES;
				GCC_OPTIMIZATION_LEVEL = 0;
				GCC_PREPROCESSOR_DEFINITIONS = (
					"DEBUG=1",
					"$(inherited)",
				);
				GCC_WARN_64_TO_32_BIT_CONVERSION = YES;
				GCC_WARN_ABOUT_RETURN_TYPE = YES_ERROR;
				GCC_WARN_UNDECLARED_SELECTOR = YES;
				GCC_WARN_UNINITIALIZED_AUTOS = YES_AGGRESSIVE;
				GCC_WARN_UNUSED_FUNCTION = YES;
				GCC_WARN_UNUSED_VARIABLE = YES;
				MACOSX_DEPLOYMENT_TARGET = 10.15;
				MTL_ENABLE_DEBUG_INFO = INCLUDE_SOURCE;
				MTL_FAST_MATH = YES;
				ONLY_ACTIVE_ARCH = YES;
				SDKROOT = macosx;
			};
			name = Debug;
		};
		4550A47C247BC26B00CC8E9F /* Release */ = {
			isa = XCBuildConfiguration;
			buildSettings = {
				ALWAYS_SEARCH_USER_PATHS = NO;
				CLANG_ANALYZER_NONNULL = YES;
				CLANG_ANALYZER_NUMBER_OBJECT_CONVERSION = YES_AGGRESSIVE;
				CLANG_CXX_LANGUAGE_STANDARD = "gnu++14";
				CLANG_CXX_LIBRARY = "libc++";
				CLANG_ENABLE_MODULES = YES;
				CLANG_ENABLE_OBJC_ARC = YES;
				CLANG_ENABLE_OBJC_WEAK = YES;
				CLANG_WARN_BLOCK_CAPTURE_AUTORELEASING = YES;
				CLANG_WARN_BOOL_CONVERSION = YES;
				CLANG_WARN_COMMA = YES;
				CLANG_WARN_CONSTANT_CONVERSION = YES;
				CLANG_WARN_DEPRECATED_OBJC_IMPLEMENTATIONS = YES;
				CLANG_WARN_DIRECT_OBJC_ISA_USAGE = YES_ERROR;
				CLANG_WARN_DOCUMENTATION_COMMENTS = YES;
				CLANG_WARN_EMPTY_BODY = YES;
				CLANG_WARN_ENUM_CONVERSION = YES;
				CLANG_WARN_INFINITE_RECURSION = YES;
				CLANG_WARN_INT_CONVERSION = YES;
				CLANG_WARN_NON_LITERAL_NULL_CONVERSION = YES;
				CLANG_WARN_OBJC_IMPLICIT_RETAIN_SELF = YES;
				CLANG_WARN_OBJC_LITERAL_CONVERSION = YES;
				CLANG_WARN_OBJC_ROOT_CLASS = YES_ERROR;
				CLANG_WARN_RANGE_LOOP_ANALYSIS = YES;
				CLANG_WARN_STRICT_PROTOTYPES = YES;
				CLANG_WARN_SUSPICIOUS_MOVE = YES;
				CLANG_WARN_UNGUARDED_AVAILABILITY = YES_AGGRESSIVE;
				CLANG_WARN_UNREACHABLE_CODE = YES;
				CLANG_WARN__DUPLICATE_METHOD_MATCH = YES;
				COPY_PHASE_STRIP = NO;
				DEBUG_INFORMATION_FORMAT = "dwarf-with-dsym";
				ENABLE_NS_ASSERTIONS = NO;
				ENABLE_STRICT_OBJC_MSGSEND = YES;
				GCC_C_LANGUAGE_STANDARD = gnu11;
				GCC_NO_COMMON_BLOCKS = YES;
				GCC_WARN_64_TO_32_BIT_CONVERSION = YES;
				GCC_WARN_ABOUT_RETURN_TYPE = YES_ERROR;
				GCC_WARN_UNDECLARED_SELECTOR = YES;
				GCC_WARN_UNINITIALIZED_AUTOS = YES_AGGRESSIVE;
				GCC_WARN_UNUSED_FUNCTION = YES;
				GCC_WARN_UNUSED_VARIABLE = YES;
				MACOSX_DEPLOYMENT_TARGET = 10.15;
				MTL_ENABLE_DEBUG_INFO = NO;
				MTL_FAST_MATH = YES;
				SDKROOT = macosx;
			};
			name = Release;
		};
		4550A47E247BC26B00CC8E9F /* Debug */ = {
			isa = XCBuildConfiguration;
			buildSettings = {
				CODE_SIGN_STYLE = Automatic;
				ENABLE_STRICT_OBJC_MSGSEND = NO;
				PRODUCT_NAME = "$(TARGET_NAME)";
			};
			name = Debug;
		};
		4550A47F247BC26B00CC8E9F /* Release */ = {
			isa = XCBuildConfiguration;
			buildSettings = {
				CODE_SIGN_STYLE = Automatic;
				ENABLE_STRICT_OBJC_MSGSEND = NO;
				PRODUCT_NAME = "$(TARGET_NAME)";
			};
			name = Release;
		};
/* End XCBuildConfiguration section */

/* Begin XCConfigurationList section */
		4550A471247BC26B00CC8E9F /* Build configuration list for PBXProject "02RuntimeMsgForward" */ = {
			isa = XCConfigurationList;
			buildConfigurations = (
				4550A47B247BC26B00CC8E9F /* Debug */,
				4550A47C247BC26B00CC8E9F /* Release */,
			);
			defaultConfigurationIsVisible = 0;
			defaultConfigurationName = Release;
		};
		4550A47D247BC26B00CC8E9F /* Build configuration list for PBXNativeTarget "02RuntimeMsgForward" */ = {
			isa = XCConfigurationList;
			buildConfigurations = (
				4550A47E247BC26B00CC8E9F /* Debug */,
				4550A47F247BC26B00CC8E9F /* Release */,
			);
			defaultConfigurationIsVisible = 0;
			defaultConfigurationName = Release;
		};
/* End XCConfigurationList section */
	};
	rootObject = 4550A46E247BC26B00CC8E9F /* Project object */;
}
