// !$*UTF8*$!
{
	archiveVersion = 1;
	classes = {
	};
	objectVersion = 51;
	objects = {

/* Begin PBXBuildFile section */
		456719222395F69300A1C1A8 /* AppDelegate.m in Sources */ = {isa = PBXBuildFile; fileRef = 456719212395F69300A1C1A8 /* AppDelegate.m */; };
		456719252395F69300A1C1A8 /* SceneDelegate.m in Sources */ = {isa = PBXBuildFile; fileRef = 456719242395F69300A1C1A8 /* SceneDelegate.m */; };
		456719282395F69300A1C1A8 /* ViewController.m in Sources */ = {isa = PBXBuildFile; fileRef = 456719272395F69300A1C1A8 /* ViewController.m */; };
		4567192B2395F69300A1C1A8 /* Main.storyboard in Resources */ = {isa = PBXBuildFile; fileRef = 456719292395F69300A1C1A8 /* Main.storyboard */; };
		4567192D2395F69800A1C1A8 /* Assets.xcassets in Resources */ = {isa = PBXBuildFile; fileRef = 4567192C2395F69800A1C1A8 /* Assets.xcassets */; };
		456719302395F69800A1C1A8 /* LaunchScreen.storyboard in Resources */ = {isa = PBXBuildFile; fileRef = 4567192E2395F69800A1C1A8 /* LaunchScreen.storyboard */; };
		456719332395F69800A1C1A8 /* main.m in Sources */ = {isa = PBXBuildFile; fileRef = 456719322395F69800A1C1A8 /* main.m */; };
		4567193A2395F6C400A1C1A8 /* README.md in Resources */ = {isa = PBXBuildFile; fileRef = 456719392395F6C400A1C1A8 /* README.md */; };
		7BE2FD45C3E89B4EAC3CA32A /* Pods_004Masonry.framework in Frameworks */ = {isa = PBXBuildFile; fileRef = 32ECB9FB437C885B9843F07B /* Pods_004Masonry.framework */; };
/* End PBXBuildFile section */

/* Begin PBXFileReference section */
		26347462A95EE80447E952FB /* Pods-004Masonry.release.xcconfig */ = {isa = PBXFileReference; includeInIndex = 1; lastKnownFileType = text.xcconfig; name = "Pods-004Masonry.release.xcconfig"; path = "Target Support Files/Pods-004Masonry/Pods-004Masonry.release.xcconfig"; sourceTree = "<group>"; };
		32ECB9FB437C885B9843F07B /* Pods_004Masonry.framework */ = {isa = PBXFileReference; explicitFileType = wrapper.framework; includeInIndex = 0; path = Pods_004Masonry.framework; sourceTree = BUILT_PRODUCTS_DIR; };
		4567191D2395F69300A1C1A8 /* 004Masonry.app */ = {isa = PBXFileReference; explicitFileType = wrapper.application; includeInIndex = 0; path = 004Masonry.app; sourceTree = BUILT_PRODUCTS_DIR; };
		456719202395F69300A1C1A8 /* AppDelegate.h */ = {isa = PBXFileReference; lastKnownFileType = sourcecode.c.h; path = AppDelegate.h; sourceTree = "<group>"; };
		456719212395F69300A1C1A8 /* AppDelegate.m */ = {isa = PBXFileReference; lastKnownFileType = sourcecode.c.objc; path = AppDelegate.m; sourceTree = "<group>"; };
		456719232395F69300A1C1A8 /* SceneDelegate.h */ = {isa = PBXFileReference; lastKnownFileType = sourcecode.c.h; path = SceneDelegate.h; sourceTree = "<group>"; };
		456719242395F69300A1C1A8 /* SceneDelegate.m */ = {isa = PBXFileReference; lastKnownFileType = sourcecode.c.objc; path = SceneDelegate.m; sourceTree = "<group>"; };
		456719262395F69300A1C1A8 /* ViewController.h */ = {isa = PBXFileReference; lastKnownFileType = sourcecode.c.h; path = ViewController.h; sourceTree = "<group>"; };
		456719272395F69300A1C1A8 /* ViewController.m */ = {isa = PBXFileReference; lastKnownFileType = sourcecode.c.objc; path = ViewController.m; sourceTree = "<group>"; };
		4567192A2395F69300A1C1A8 /* Base */ = {isa = PBXFileReference; lastKnownFileType = file.storyboard; name = Base; path = Base.lproj/Main.storyboard; sourceTree = "<group>"; };
		4567192C2395F69800A1C1A8 /* Assets.xcassets */ = {isa = PBXFileReference; lastKnownFileType = folder.assetcatalog; path = Assets.xcassets; sourceTree = "<group>"; };
		4567192F2395F69800A1C1A8 /* Base */ = {isa = PBXFileReference; lastKnownFileType = file.storyboard; name = Base; path = Base.lproj/LaunchScreen.storyboard; sourceTree = "<group>"; };
		456719312395F69800A1C1A8 /* Info.plist */ = {isa = PBXFileReference; lastKnownFileType = text.plist.xml; path = Info.plist; sourceTree = "<group>"; };
		456719322395F69800A1C1A8 /* main.m */ = {isa = PBXFileReference; lastKnownFileType = sourcecode.c.objc; path = main.m; sourceTree = "<group>"; };
		456719392395F6C400A1C1A8 /* README.md */ = {isa = PBXFileReference; fileEncoding = 4; lastKnownFileType = net.daringfireball.markdown; path = README.md; sourceTree = "<group>"; };
		DE08A6BD98114D5E1CC1CCEC /* Pods-004Masonry.debug.xcconfig */ = {isa = PBXFileReference; includeInIndex = 1; lastKnownFileType = text.xcconfig; name = "Pods-004Masonry.debug.xcconfig"; path = "Target Support Files/Pods-004Masonry/Pods-004Masonry.debug.xcconfig"; sourceTree = "<group>"; };
/* End PBXFileReference section */

/* Begin PBXFrameworksBuildPhase section */
		4567191A2395F69300A1C1A8 /* Frameworks */ = {
			isa = PBXFrameworksBuildPhase;
			buildActionMask = 2147483647;
			files = (
				7BE2FD45C3E89B4EAC3CA32A /* Pods_004Masonry.framework in Frameworks */,
			);
			runOnlyForDeploymentPostprocessing = 0;
		};
/* End PBXFrameworksBuildPhase section */

/* Begin PBXGroup section */
		456719142395F69300A1C1A8 = {
			isa = PBXGroup;
			children = (
				4567191F2395F69300A1C1A8 /* 004Masonry */,
				4567191E2395F69300A1C1A8 /* Products */,
				8696DF5AB07A7C52C50E53D4 /* Pods */,
				D55668FB4DE4CF5E09A84ECA /* Frameworks */,
				456719392395F6C400A1C1A8 /* README.md */,
			);
			sourceTree = "<group>";
		};
		4567191E2395F69300A1C1A8 /* Products */ = {
			isa = PBXGroup;
			children = (
				4567191D2395F69300A1C1A8 /* 004Masonry.app */,
			);
			name = Products;
			sourceTree = "<group>";
		};
		4567191F2395F69300A1C1A8 /* 004Masonry */ = {
			isa = PBXGroup;
			children = (
				456719202395F69300A1C1A8 /* AppDelegate.h */,
				456719212395F69300A1C1A8 /* AppDelegate.m */,
				456719232395F69300A1C1A8 /* SceneDelegate.h */,
				456719242395F69300A1C1A8 /* SceneDelegate.m */,
				456719262395F69300A1C1A8 /* ViewController.h */,
				456719272395F69300A1C1A8 /* ViewController.m */,
				456719292395F69300A1C1A8 /* Main.storyboard */,
				4567192C2395F69800A1C1A8 /* Assets.xcassets */,
				4567192E2395F69800A1C1A8 /* LaunchScreen.storyboard */,
				456719312395F69800A1C1A8 /* Info.plist */,
				456719322395F69800A1C1A8 /* main.m */,
			);
			path = 004Masonry;
			sourceTree = "<group>";
		};
		8696DF5AB07A7C52C50E53D4 /* Pods */ = {
			isa = PBXGroup;
			children = (
				DE08A6BD98114D5E1CC1CCEC /* Pods-004Masonry.debug.xcconfig */,
				26347462A95EE80447E952FB /* Pods-004Masonry.release.xcconfig */,
			);
			path = Pods;
			sourceTree = "<group>";
		};
		D55668FB4DE4CF5E09A84ECA /* Frameworks */ = {
			isa = PBXGroup;
			children = (
				32ECB9FB437C885B9843F07B /* Pods_004Masonry.framework */,
			);
			name = Frameworks;
			sourceTree = "<group>";
		};
/* End PBXGroup section */

/* Begin PBXNativeTarget section */
		4567191C2395F69300A1C1A8 /* 004Masonry */ = {
			isa = PBXNativeTarget;
			buildConfigurationList = 456719362395F69800A1C1A8 /* Build configuration list for PBXNativeTarget "004Masonry" */;
			buildPhases = (
				C33B2E699CF81C6CB818B6A1 /* [CP] Check Pods Manifest.lock */,
				456719192395F69300A1C1A8 /* Sources */,
				4567191A2395F69300A1C1A8 /* Frameworks */,
				4567191B2395F69300A1C1A8 /* Resources */,
				113D723A9F8D32F5DFF74B38 /* [CP] Embed Pods Frameworks */,
			);
			buildRules = (
			);
			dependencies = (
			);
			name = 004Masonry;
			productName = 004Masonry;
			productReference = 4567191D2395F69300A1C1A8 /* 004Masonry.app */;
			productType = "com.apple.product-type.application";
		};
/* End PBXNativeTarget section */

/* Begin PBXProject section */
		456719152395F69300A1C1A8 /* Project object */ = {
			isa = PBXProject;
			attributes = {
				LastUpgradeCheck = 1120;
				ORGANIZATIONNAME = east;
				TargetAttributes = {
					4567191C2395F69300A1C1A8 = {
						CreatedOnToolsVersion = 11.2.1;
					};
				};
			};
			buildConfigurationList = 456719182395F69300A1C1A8 /* Build configuration list for PBXProject "004Masonry" */;
			compatibilityVersion = "Xcode 9.3";
			developmentRegion = en;
			hasScannedForEncodings = 0;
			knownRegions = (
				en,
				Base,
			);
			mainGroup = 456719142395F69300A1C1A8;
			productRefGroup = 4567191E2395F69300A1C1A8 /* Products */;
			projectDirPath = "";
			projectRoot = "";
			targets = (
				4567191C2395F69300A1C1A8 /* 004Masonry */,
			);
		};
/* End PBXProject section */

/* Begin PBXResourcesBuildPhase section */
		4567191B2395F69300A1C1A8 /* Resources */ = {
			isa = PBXResourcesBuildPhase;
			buildActionMask = 2147483647;
			files = (
				456719302395F69800A1C1A8 /* LaunchScreen.storyboard in Resources */,
				4567192D2395F69800A1C1A8 /* Assets.xcassets in Resources */,
				4567193A2395F6C400A1C1A8 /* README.md in Resources */,
				4567192B2395F69300A1C1A8 /* Main.storyboard in Resources */,
			);
			runOnlyForDeploymentPostprocessing = 0;
		};
/* End PBXResourcesBuildPhase section */

/* Begin PBXShellScriptBuildPhase section */
		113D723A9F8D32F5DFF74B38 /* [CP] Embed Pods Frameworks */ = {
			isa = PBXShellScriptBuildPhase;
			buildActionMask = 2147483647;
			files = (
			);
			inputFileListPaths = (
				"${PODS_ROOT}/Target Support Files/Pods-004Masonry/Pods-004Masonry-frameworks-${CONFIGURATION}-input-files.xcfilelist",
			);
			name = "[CP] Embed Pods Frameworks";
			outputFileListPaths = (
				"${PODS_ROOT}/Target Support Files/Pods-004Masonry/Pods-004Masonry-frameworks-${CONFIGURATION}-output-files.xcfilelist",
			);
			runOnlyForDeploymentPostprocessing = 0;
			shellPath = /bin/sh;
			shellScript = "\"${PODS_ROOT}/Target Support Files/Pods-004Masonry/Pods-004Masonry-frameworks.sh\"\n";
			showEnvVarsInLog = 0;
		};
		C33B2E699CF81C6CB818B6A1 /* [CP] Check Pods Manifest.lock */ = {
			isa = PBXShellScriptBuildPhase;
			buildActionMask = 2147483647;
			files = (
			);
			inputFileListPaths = (
			);
			inputPaths = (
				"${PODS_PODFILE_DIR_PATH}/Podfile.lock",
				"${PODS_ROOT}/Manifest.lock",
			);
			name = "[CP] Check Pods Manifest.lock";
			outputFileListPaths = (
			);
			outputPaths = (
				"$(DERIVED_FILE_DIR)/Pods-004Masonry-checkManifestLockResult.txt",
			);
			runOnlyForDeploymentPostprocessing = 0;
			shellPath = /bin/sh;
			shellScript = "diff \"${PODS_PODFILE_DIR_PATH}/Podfile.lock\" \"${PODS_ROOT}/Manifest.lock\" > /dev/null\nif [ $? != 0 ] ; then\n    # print error to STDERR\n    echo \"error: The sandbox is not in sync with the Podfile.lock. Run 'pod install' or update your CocoaPods installation.\" >&2\n    exit 1\nfi\n# This output is used by Xcode 'outputs' to avoid re-running this script phase.\necho \"SUCCESS\" > \"${SCRIPT_OUTPUT_FILE_0}\"\n";
			showEnvVarsInLog = 0;
		};
/* End PBXShellScriptBuildPhase section */

/* Begin PBXSourcesBuildPhase section */
		456719192395F69300A1C1A8 /* Sources */ = {
			isa = PBXSourcesBuildPhase;
			buildActionMask = 2147483647;
			files = (
				456719282395F69300A1C1A8 /* ViewController.m in Sources */,
				456719222395F69300A1C1A8 /* AppDelegate.m in Sources */,
				456719332395F69800A1C1A8 /* main.m in Sources */,
				456719252395F69300A1C1A8 /* SceneDelegate.m in Sources */,
			);
			runOnlyForDeploymentPostprocessing = 0;
		};
/* End PBXSourcesBuildPhase section */

/* Begin PBXVariantGroup section */
		456719292395F69300A1C1A8 /* Main.storyboard */ = {
			isa = PBXVariantGroup;
			children = (
				4567192A2395F69300A1C1A8 /* Base */,
			);
			name = Main.storyboard;
			sourceTree = "<group>";
		};
		4567192E2395F69800A1C1A8 /* LaunchScreen.storyboard */ = {
			isa = PBXVariantGroup;
			children = (
				4567192F2395F69800A1C1A8 /* Base */,
			);
			name = LaunchScreen.storyboard;
			sourceTree = "<group>";
		};
/* End PBXVariantGroup section */

/* Begin XCBuildConfiguration section */
		456719342395F69800A1C1A8 /* Debug */ = {
			isa = XCBuildConfiguration;
			buildSettings = {
				ALWAYS_SEARCH_USER_PATHS = NO;
				CLANG_ANALYZER_NONNULL = YES;
				CLANG_ANALYZER_NUMBER_OBJECT_CONVERSION = YES_AGGRESSIVE;
				CLANG_CXX_LANGUAGE_STANDARD = "gnu++14";
				CLANG_CXX_LIBRARY = "libc++";
				CLANG_ENABLE_MODULES = YES;
				CLANG_ENABLE_OBJC_ARC = YES;
				CLANG_ENABLE_OBJC_WEAK = YES;
				CLANG_WARN_BLOCK_CAPTURE_AUTORELEASING = YES;
				CLANG_WARN_BOOL_CONVERSION = YES;
				CLANG_WARN_COMMA = YES;
				CLANG_WARN_CONSTANT_CONVERSION = YES;
				CLANG_WARN_DEPRECATED_OBJC_IMPLEMENTATIONS = YES;
				CLANG_WARN_DIRECT_OBJC_ISA_USAGE = YES_ERROR;
				CLANG_WARN_DOCUMENTATION_COMMENTS = YES;
				CLANG_WARN_EMPTY_BODY = YES;
				CLANG_WARN_ENUM_CONVERSION = YES;
				CLANG_WARN_INFINITE_RECURSION = YES;
				CLANG_WARN_INT_CONVERSION = YES;
				CLANG_WARN_NON_LITERAL_NULL_CONVERSION = YES;
				CLANG_WARN_OBJC_IMPLICIT_RETAIN_SELF = YES;
				CLANG_WARN_OBJC_LITERAL_CONVERSION = YES;
				CLANG_WARN_OBJC_ROOT_CLASS = YES_ERROR;
				CLANG_WARN_RANGE_LOOP_ANALYSIS = YES;
				CLANG_WARN_STRICT_PROTOTYPES = YES;
				CLANG_WARN_SUSPICIOUS_MOVE = YES;
				CLANG_WARN_UNGUARDED_AVAILABILITY = YES_AGGRESSIVE;
				CLANG_WARN_UNREACHABLE_CODE = YES;
				CLANG_WARN__DUPLICATE_METHOD_MATCH = YES;
				COPY_PHASE_STRIP = NO;
				DEBUG_INFORMATION_FORMAT = dwarf;
				ENABLE_STRICT_OBJC_MSGSEND = YES;
				ENABLE_TESTABILITY = YES;
				GCC_C_LANGUAGE_STANDARD = gnu11;
				GCC_DYNAMIC_NO_PIC = NO;
				GCC_NO_COMMON_BLOCKS = YES;
				GCC_OPTIMIZATION_LEVEL = 0;
				GCC_PREPROCESSOR_DEFINITIONS = (
					"DEBUG=1",
					"$(inherited)",
				);
				GCC_WARN_64_TO_32_BIT_CONVERSION = YES;
				GCC_WARN_ABOUT_RETURN_TYPE = YES_ERROR;
				GCC_WARN_UNDECLARED_SELECTOR = YES;
				GCC_WARN_UNINITIALIZED_AUTOS = YES_AGGRESSIVE;
				GCC_WARN_UNUSED_FUNCTION = YES;
				GCC_WARN_UNUSED_VARIABLE = YES;
				IPHONEOS_DEPLOYMENT_TARGET = 13.2;
				MTL_ENABLE_DEBUG_INFO = INCLUDE_SOURCE;
				MTL_FAST_MATH = YES;
				ONLY_ACTIVE_ARCH = YES;
				SDKROOT = iphoneos;
			};
			name = Debug;
		};
		456719352395F69800A1C1A8 /* Release */ = {
			isa = XCBuildConfiguration;
			buildSettings = {
				ALWAYS_SEARCH_USER_PATHS = NO;
				CLANG_ANALYZER_NONNULL = YES;
				CLANG_ANALYZER_NUMBER_OBJECT_CONVERSION = YES_AGGRESSIVE;
				CLANG_CXX_LANGUAGE_STANDARD = "gnu++14";
				CLANG_CXX_LIBRARY = "libc++";
				CLANG_ENABLE_MODULES = YES;
				CLANG_ENABLE_OBJC_ARC = YES;
				CLANG_ENABLE_OBJC_WEAK = YES;
				CLANG_WARN_BLOCK_CAPTURE_AUTORELEASING = YES;
				CLANG_WARN_BOOL_CONVERSION = YES;
				CLANG_WARN_COMMA = YES;
				CLANG_WARN_CONSTANT_CONVERSION = YES;
				CLANG_WARN_DEPRECATED_OBJC_IMPLEMENTATIONS = YES;
				CLANG_WARN_DIRECT_OBJC_ISA_USAGE = YES_ERROR;
				CLANG_WARN_DOCUMENTATION_COMMENTS = YES;
				CLANG_WARN_EMPTY_BODY = YES;
				CLANG_WARN_ENUM_CONVERSION = YES;
				CLANG_WARN_INFINITE_RECURSION = YES;
				CLANG_WARN_INT_CONVERSION = YES;
				CLANG_WARN_NON_LITERAL_NULL_CONVERSION = YES;
				CLANG_WARN_OBJC_IMPLICIT_RETAIN_SELF = YES;
				CLANG_WARN_OBJC_LITERAL_CONVERSION = YES;
				CLANG_WARN_OBJC_ROOT_CLASS = YES_ERROR;
				CLANG_WARN_RANGE_LOOP_ANALYSIS = YES;
				CLANG_WARN_STRICT_PROTOTYPES = YES;
				CLANG_WARN_SUSPICIOUS_MOVE = YES;
				CLANG_WARN_UNGUARDED_AVAILABILITY = YES_AGGRESSIVE;
				CLANG_WARN_UNREACHABLE_CODE = YES;
				CLANG_WARN__DUPLICATE_METHOD_MATCH = YES;
				COPY_PHASE_STRIP = NO;
				DEBUG_INFORMATION_FORMAT = "dwarf-with-dsym";
				ENABLE_NS_ASSERTIONS = NO;
				ENABLE_STRICT_OBJC_MSGSEND = YES;
				GCC_C_LANGUAGE_STANDARD = gnu11;
				GCC_NO_COMMON_BLOCKS = YES;
				GCC_WARN_64_TO_32_BIT_CONVERSION = YES;
				GCC_WARN_ABOUT_RETURN_TYPE = YES_ERROR;
				GCC_WARN_UNDECLARED_SELECTOR = YES;
				GCC_WARN_UNINITIALIZED_AUTOS = YES_AGGRESSIVE;
				GCC_WARN_UNUSED_FUNCTION = YES;
				GCC_WARN_UNUSED_VARIABLE = YES;
				IPHONEOS_DEPLOYMENT_TARGET = 13.2;
				MTL_ENABLE_DEBUG_INFO = NO;
				MTL_FAST_MATH = YES;
				SDKROOT = iphoneos;
				VALIDATE_PRODUCT = YES;
			};
			name = Release;
		};
		456719372395F69800A1C1A8 /* Debug */ = {
			isa = XCBuildConfiguration;
			baseConfigurationReference = DE08A6BD98114D5E1CC1CCEC /* Pods-004Masonry.debug.xcconfig */;
			buildSettings = {
				ASSETCATALOG_COMPILER_APPICON_NAME = AppIcon;
				CODE_SIGN_STYLE = Automatic;
				INFOPLIST_FILE = 004Masonry/Info.plist;
				IPHONEOS_DEPLOYMENT_TARGET = 11.0;
				LD_RUNPATH_SEARCH_PATHS = (
					"$(inherited)",
					"@executable_path/Frameworks",
				);
				MARKETING_VERSION = 1.0.0;
				PRODUCT_BUNDLE_IDENTIFIER = com.east.004Masonry;
				PRODUCT_NAME = "$(TARGET_NAME)";
				TARGETED_DEVICE_FAMILY = "1,2";
			};
			name = Debug;
		};
		456719382395F69800A1C1A8 /* Release */ = {
			isa = XCBuildConfiguration;
			baseConfigurationReference = 26347462A95EE80447E952FB /* Pods-004Masonry.release.xcconfig */;
			buildSettings = {
				ASSETCATALOG_COMPILER_APPICON_NAME = AppIcon;
				CODE_SIGN_STYLE = Automatic;
				INFOPLIST_FILE = 004Masonry/Info.plist;
				IPHONEOS_DEPLOYMENT_TARGET = 11.0;
				LD_RUNPATH_SEARCH_PATHS = (
					"$(inherited)",
					"@executable_path/Frameworks",
				);
				MARKETING_VERSION = 1.0.0;
				PRODUCT_BUNDLE_IDENTIFIER = com.east.004Masonry;
				PRODUCT_NAME = "$(TARGET_NAME)";
				TARGETED_DEVICE_FAMILY = "1,2";
			};
			name = Release;
		};
/* End XCBuildConfiguration section */

/* Begin XCConfigurationList section */
		456719182395F69300A1C1A8 /* Build configuration list for PBXProject "004Masonry" */ = {
			isa = XCConfigurationList;
			buildConfigurations = (
				456719342395F69800A1C1A8 /* Debug */,
				456719352395F69800A1C1A8 /* Release */,
			);
			defaultConfigurationIsVisible = 0;
			defaultConfigurationName = Release;
		};
		456719362395F69800A1C1A8 /* Build configuration list for PBXNativeTarget "004Masonry" */ = {
			isa = XCConfigurationList;
			buildConfigurations = (
				456719372395F69800A1C1A8 /* Debug */,
				456719382395F69800A1C1A8 /* Release */,
			);
			defaultConfigurationIsVisible = 0;
			defaultConfigurationName = Release;
		};
/* End XCConfigurationList section */
	};
	rootObject = 456719152395F69300A1C1A8 /* Project object */;
}
